// !$*UTF8*$!
{
	archiveVersion = 1;
	classes = {
	};
	objectVersion = 50;
	objects = {

/* Begin PBXBuildFile section */
		B00F757921F4F5C500D6366A /* AppDelegate.swift in Sources */ = {isa = PBXBuildFile; fileRef = B00F757821F4F5C500D6366A /* AppDelegate.swift */; };
		B00F757B21F4F5C500D6366A /* ViewController.swift in Sources */ = {isa = PBXBuildFile; fileRef = B00F757A21F4F5C500D6366A /* ViewController.swift */; };
		B00F757E21F4F5C500D6366A /* Main.storyboard in Resources */ = {isa = PBXBuildFile; fileRef = B00F757C21F4F5C500D6366A /* Main.storyboard */; };
		B00F758021F4F5C700D6366A /* Assets.xcassets in Resources */ = {isa = PBXBuildFile; fileRef = B00F757F21F4F5C700D6366A /* Assets.xcassets */; };
		B00F758321F4F5C700D6366A /* LaunchScreen.storyboard in Resources */ = {isa = PBXBuildFile; fileRef = B00F758121F4F5C700D6366A /* LaunchScreen.storyboard */; };
		B00F758E21F4F5C700D6366A /* FlixTests.swift in Sources */ = {isa = PBXBuildFile; fileRef = B00F758D21F4F5C700D6366A /* FlixTests.swift */; };
		B00F759921F4F5C700D6366A /* FlixUITests.swift in Sources */ = {isa = PBXBuildFile; fileRef = B00F759821F4F5C700D6366A /* FlixUITests.swift */; };
		B00F75A721F4F96600D6366A /* MovieCell.swift in Sources */ = {isa = PBXBuildFile; fileRef = B00F75A621F4F96600D6366A /* MovieCell.swift */; };
		B00F75A921F5170700D6366A /* completeMovieCell.swift in Sources */ = {isa = PBXBuildFile; fileRef = B00F75A821F5170700D6366A /* completeMovieCell.swift */; };
/* End PBXBuildFile section */

/* Begin PBXContainerItemProxy section */
		B00F758A21F4F5C700D6366A /* PBXContainerItemProxy */ = {
			isa = PBXContainerItemProxy;
			containerPortal = B00F756D21F4F5C500D6366A /* Project object */;
			proxyType = 1;
			remoteGlobalIDString = B00F757421F4F5C500D6366A;
			remoteInfo = Flix;
		};
		B00F759521F4F5C700D6366A /* PBXContainerItemProxy */ = {
			isa = PBXContainerItemProxy;
			containerPortal = B00F756D21F4F5C500D6366A /* Project object */;
			proxyType = 1;
			remoteGlobalIDString = B00F757421F4F5C500D6366A;
			remoteInfo = Flix;
		};
/* End PBXContainerItemProxy section */

/* Begin PBXFileReference section */
		B00F757521F4F5C500D6366A /* Flix.app */ = {isa = PBXFileReference; explicitFileType = wrapper.application; includeInIndex = 0; path = Flix.app; sourceTree = BUILT_PRODUCTS_DIR; };
		B00F757821F4F5C500D6366A /* AppDelegate.swift */ = {isa = PBXFileReference; lastKnownFileType = sourcecode.swift; path = AppDelegate.swift; sourceTree = "<group>"; };
		B00F757A21F4F5C500D6366A /* ViewController.swift */ = {isa = PBXFileReference; lastKnownFileType = sourcecode.swift; path = ViewController.swift; sourceTree = "<group>"; };
		B00F757D21F4F5C500D6366A /* Base */ = {isa = PBXFileReference; lastKnownFileType = file.storyboard; name = Base; path = Base.lproj/Main.storyboard; sourceTree = "<group>"; };
		B00F757F21F4F5C700D6366A /* Assets.xcassets */ = {isa = PBXFileReference; lastKnownFileType = folder.assetcatalog; path = Assets.xcassets; sourceTree = "<group>"; };
		B00F758221F4F5C700D6366A /* Base */ = {isa = PBXFileReference; lastKnownFileType = file.storyboard; name = Base; path = Base.lproj/LaunchScreen.storyboard; sourceTree = "<group>"; };
		B00F758421F4F5C700D6366A /* Info.plist */ = {isa = PBXFileReference; lastKnownFileType = text.plist.xml; path = Info.plist; sourceTree = "<group>"; };
		B00F758921F4F5C700D6366A /* FlixTests.xctest */ = {isa = PBXFileReference; explicitFileType = wrapper.cfbundle; includeInIndex = 0; path = FlixTests.xctest; sourceTree = BUILT_PRODUCTS_DIR; };
		B00F758D21F4F5C700D6366A /* FlixTests.swift */ = {isa = PBXFileReference; lastKnownFileType = sourcecode.swift; path = FlixTests.swift; sourceTree = "<group>"; };
		B00F758F21F4F5C700D6366A /* Info.plist */ = {isa = PBXFileReference; lastKnownFileType = text.plist.xml; path = Info.plist; sourceTree = "<group>"; };
		B00F759421F4F5C700D6366A /* FlixUITests.xctest */ = {isa = PBXFileReference; explicitFileType = wrapper.cfbundle; includeInIndex = 0; path = FlixUITests.xctest; sourceTree = BUILT_PRODUCTS_DIR; };
		B00F759821F4F5C700D6366A /* FlixUITests.swift */ = {isa = PBXFileReference; lastKnownFileType = sourcecode.swift; path = FlixUITests.swift; sourceTree = "<group>"; };
		B00F759A21F4F5C700D6366A /* Info.plist */ = {isa = PBXFileReference; lastKnownFileType = text.plist.xml; path = Info.plist; sourceTree = "<group>"; };
		B00F75A621F4F96600D6366A /* MovieCell.swift */ = {isa = PBXFileReference; lastKnownFileType = sourcecode.swift; path = MovieCell.swift; sourceTree = "<group>"; };
		B00F75A821F5170700D6366A /* completeMovieCell.swift */ = {isa = PBXFileReference; lastKnownFileType = sourcecode.swift; path = completeMovieCell.swift; sourceTree = "<group>"; };
/* End PBXFileReference section */

/* Begin PBXFrameworksBuildPhase section */
		B00F757221F4F5C500D6366A /* Frameworks */ = {
			isa = PBXFrameworksBuildPhase;
			buildActionMask = 2147483647;
			files = (
			);
			runOnlyForDeploymentPostprocessing = 0;
		};
		B00F758621F4F5C700D6366A /* Frameworks */ = {
			isa = PBXFrameworksBuildPhase;
			buildActionMask = 2147483647;
			files = (
			);
			runOnlyForDeploymentPostprocessing = 0;
		};
		B00F759121F4F5C700D6366A /* Frameworks */ = {
			isa = PBXFrameworksBuildPhase;
			buildActionMask = 2147483647;
			files = (
			);
			runOnlyForDeploymentPostprocessing = 0;
		};
/* End PBXFrameworksBuildPhase section */

/* Begin PBXGroup section */
		B00F756C21F4F5C500D6366A = {
			isa = PBXGroup;
			children = (
				B00F757721F4F5C500D6366A /* Flix */,
				B00F758C21F4F5C700D6366A /* FlixTests */,
				B00F759721F4F5C700D6366A /* FlixUITests */,
				B00F757621F4F5C500D6366A /* Products */,
			);
			sourceTree = "<group>";
		};
		B00F757621F4F5C500D6366A /* Products */ = {
			isa = PBXGroup;
			children = (
				B00F757521F4F5C500D6366A /* Flix.app */,
				B00F758921F4F5C700D6366A /* FlixTests.xctest */,
				B00F759421F4F5C700D6366A /* FlixUITests.xctest */,
			);
			name = Products;
			sourceTree = "<group>";
		};
		B00F757721F4F5C500D6366A /* Flix */ = {
			isa = PBXGroup;
			children = (
				B00F757821F4F5C500D6366A /* AppDelegate.swift */,
				B00F757A21F4F5C500D6366A /* ViewController.swift */,
				B00F757C21F4F5C500D6366A /* Main.storyboard */,
				B00F757F21F4F5C700D6366A /* Assets.xcassets */,
				B00F758121F4F5C700D6366A /* LaunchScreen.storyboard */,
				B00F758421F4F5C700D6366A /* Info.plist */,
				B00F75A621F4F96600D6366A /* MovieCell.swift */,
				B00F75A821F5170700D6366A /* completeMovieCell.swift */,
			);
			path = Flix;
			sourceTree = "<group>";
		};
		B00F758C21F4F5C700D6366A /* FlixTests */ = {
			isa = PBXGroup;
			children = (
				B00F758D21F4F5C700D6366A /* FlixTests.swift */,
				B00F758F21F4F5C700D6366A /* Info.plist */,
			);
			path = FlixTests;
			sourceTree = "<group>";
		};
		B00F759721F4F5C700D6366A /* FlixUITests */ = {
			isa = PBXGroup;
			children = (
				B00F759821F4F5C700D6366A /* FlixUITests.swift */,
				B00F759A21F4F5C700D6366A /* Info.plist */,
			);
			path = FlixUITests;
			sourceTree = "<group>";
		};
/* End PBXGroup section */

/* Begin PBXNativeTarget section */
		B00F757421F4F5C500D6366A /* Flix */ = {
			isa = PBXNativeTarget;
			buildConfigurationList = B00F759D21F4F5C700D6366A /* Build configuration list for PBXNativeTarget "Flix" */;
			buildPhases = (
				B00F757121F4F5C500D6366A /* Sources */,
				B00F757221F4F5C500D6366A /* Frameworks */,
				B00F757321F4F5C500D6366A /* Resources */,
			);
			buildRules = (
			);
			dependencies = (
			);
			name = Flix;
			productName = Flix;
			productReference = B00F757521F4F5C500D6366A /* Flix.app */;
			productType = "com.apple.product-type.application";
		};
		B00F758821F4F5C700D6366A /* FlixTests */ = {
			isa = PBXNativeTarget;
			buildConfigurationList = B00F75A021F4F5C700D6366A /* Build configuration list for PBXNativeTarget "FlixTests" */;
			buildPhases = (
				B00F758521F4F5C700D6366A /* Sources */,
				B00F758621F4F5C700D6366A /* Frameworks */,
				B00F758721F4F5C700D6366A /* Resources */,
			);
			buildRules = (
			);
			dependencies = (
				B00F758B21F4F5C700D6366A /* PBXTargetDependency */,
			);
			name = FlixTests;
			productName = FlixTests;
			productReference = B00F758921F4F5C700D6366A /* FlixTests.xctest */;
			productType = "com.apple.product-type.bundle.unit-test";
		};
		B00F759321F4F5C700D6366A /* FlixUITests */ = {
			isa = PBXNativeTarget;
			buildConfigurationList = B00F75A321F4F5C700D6366A /* Build configuration list for PBXNativeTarget "FlixUITests" */;
			buildPhases = (
				B00F759021F4F5C700D6366A /* Sources */,
				B00F759121F4F5C700D6366A /* Frameworks */,
				B00F759221F4F5C700D6366A /* Resources */,
			);
			buildRules = (
			);
			dependencies = (
				B00F759621F4F5C700D6366A /* PBXTargetDependency */,
			);
			name = FlixUITests;
			productName = FlixUITests;
			productReference = B00F759421F4F5C700D6366A /* FlixUITests.xctest */;
			productType = "com.apple.product-type.bundle.ui-testing";
		};
/* End PBXNativeTarget section */

/* Begin PBXProject section */
		B00F756D21F4F5C500D6366A /* Project object */ = {
			isa = PBXProject;
			attributes = {
				LastSwiftUpdateCheck = 0940;
				LastUpgradeCheck = 0940;
				ORGANIZATIONNAME = BeverlyAb;
				TargetAttributes = {
					B00F757421F4F5C500D6366A = {
						CreatedOnToolsVersion = 9.4;
					};
					B00F758821F4F5C700D6366A = {
						CreatedOnToolsVersion = 9.4;
						TestTargetID = B00F757421F4F5C500D6366A;
					};
					B00F759321F4F5C700D6366A = {
						CreatedOnToolsVersion = 9.4;
						TestTargetID = B00F757421F4F5C500D6366A;
					};
				};
			};
			buildConfigurationList = B00F757021F4F5C500D6366A /* Build configuration list for PBXProject "Flix" */;
			compatibilityVersion = "Xcode 9.3";
			developmentRegion = en;
			hasScannedForEncodings = 0;
			knownRegions = (
				en,
				Base,
			);
			mainGroup = B00F756C21F4F5C500D6366A;
			productRefGroup = B00F757621F4F5C500D6366A /* Products */;
			projectDirPath = "";
			projectRoot = "";
			targets = (
				B00F757421F4F5C500D6366A /* Flix */,
				B00F758821F4F5C700D6366A /* FlixTests */,
				B00F759321F4F5C700D6366A /* FlixUITests */,
			);
		};
/* End PBXProject section */

/* Begin PBXResourcesBuildPhase section */
		B00F757321F4F5C500D6366A /* Resources */ = {
			isa = PBXResourcesBuildPhase;
			buildActionMask = 2147483647;
			files = (
				B00F758321F4F5C700D6366A /* LaunchScreen.storyboard in Resources */,
				B00F758021F4F5C700D6366A /* Assets.xcassets in Resources */,
				B00F757E21F4F5C500D6366A /* Main.storyboard in Resources */,
			);
			runOnlyForDeploymentPostprocessing = 0;
		};
		B00F758721F4F5C700D6366A /* Resources */ = {
			isa = PBXResourcesBuildPhase;
			buildActionMask = 2147483647;
			files = (
			);
			runOnlyForDeploymentPostprocessing = 0;
		};
		B00F759221F4F5C700D6366A /* Resources */ = {
			isa = PBXResourcesBuildPhase;
			buildActionMask = 2147483647;
			files = (
			);
			runOnlyForDeploymentPostprocessing = 0;
		};
/* End PBXResourcesBuildPhase section */

/* Begin PBXSourcesBuildPhase section */
		B00F757121F4F5C500D6366A /* Sources */ = {
			isa = PBXSourcesBuildPhase;
			buildActionMask = 2147483647;
			files = (
				B00F757B21F4F5C500D6366A /* ViewController.swift in Sources */,
				B00F757921F4F5C500D6366A /* AppDelegate.swift in Sources */,
				B00F75A721F4F96600D6366A /* MovieCell.swift in Sources */,
				B00F75A921F5170700D6366A /* completeMovieCell.swift in Sources */,
			);
			runOnlyForDeploymentPostprocessing = 0;
		};
		B00F758521F4F5C700D6366A /* Sources */ = {
			isa = PBXSourcesBuildPhase;
			buildActionMask = 2147483647;
			files = (
				B00F758E21F4F5C700D6366A /* FlixTests.swift in Sources */,
			);
			runOnlyForDeploymentPostprocessing = 0;
		};
		B00F759021F4F5C700D6366A /* Sources */ = {
			isa = PBXSourcesBuildPhase;
			buildActionMask = 2147483647;
			files = (
				B00F759921F4F5C700D6366A /* FlixUITests.swift in Sources */,
			);
			runOnlyForDeploymentPostprocessing = 0;
		};
/* End PBXSourcesBuildPhase section */

/* Begin PBXTargetDependency section */
		B00F758B21F4F5C700D6366A /* PBXTargetDependency */ = {
			isa = PBXTargetDependency;
			target = B00F757421F4F5C500D6366A /* Flix */;
			targetProxy = B00F758A21F4F5C700D6366A /* PBXContainerItemProxy */;
		};
		B00F759621F4F5C700D6366A /* PBXTargetDependency */ = {
			isa = PBXTargetDependency;
			target = B00F757421F4F5C500D6366A /* Flix */;
			targetProxy = B00F759521F4F5C700D6366A /* PBXContainerItemProxy */;
		};
/* End PBXTargetDependency section */

/* Begin PBXVariantGroup section */
		B00F757C21F4F5C500D6366A /* Main.storyboard */ = {
			isa = PBXVariantGroup;
			children = (
				B00F757D21F4F5C500D6366A /* Base */,
			);
			name = Main.storyboard;
			sourceTree = "<group>";
		};
		B00F758121F4F5C700D6366A /* LaunchScreen.storyboard */ = {
			isa = PBXVariantGroup;
			children = (
				B00F758221F4F5C700D6366A /* Base */,
			);
			name = LaunchScreen.storyboard;
			sourceTree = "<group>";
		};
/* End PBXVariantGroup section */

/* Begin XCBuildConfiguration section */
		B00F759B21F4F5C700D6366A /* Debug */ = {
			isa = XCBuildConfiguration;
			buildSettings = {
				ALWAYS_SEARCH_USER_PATHS = NO;
				CLANG_ANALYZER_NONNULL = YES;
				CLANG_ANALYZER_NUMBER_OBJECT_CONVERSION = YES_AGGRESSIVE;
				CLANG_CXX_LANGUAGE_STANDARD = "gnu++14";
				CLANG_CXX_LIBRARY = "libc++";
				CLANG_ENABLE_MODULES = YES;
				CLANG_ENABLE_OBJC_ARC = YES;
				CLANG_ENABLE_OBJC_WEAK = YES;
				CLANG_WARN_BLOCK_CAPTURE_AUTORELEASING = YES;
				CLANG_WARN_BOOL_CONVERSION = YES;
				CLANG_WARN_COMMA = YES;
				CLANG_WARN_CONSTANT_CONVERSION = YES;
				CLANG_WARN_DEPRECATED_OBJC_IMPLEMENTATIONS = YES;
				CLANG_WARN_DIRECT_OBJC_ISA_USAGE = YES_ERROR;
				CLANG_WARN_DOCUMENTATION_COMMENTS = YES;
				CLANG_WARN_EMPTY_BODY = YES;
				CLANG_WARN_ENUM_CONVERSION = YES;
				CLANG_WARN_INFINITE_RECURSION = YES;
				CLANG_WARN_INT_CONVERSION = YES;
				CLANG_WARN_NON_LITERAL_NULL_CONVERSION = YES;
				CLANG_WARN_OBJC_IMPLICIT_RETAIN_SELF = YES;
				CLANG_WARN_OBJC_LITERAL_CONVERSION = YES;
				CLANG_WARN_OBJC_ROOT_CLASS = YES_ERROR;
				CLANG_WARN_RANGE_LOOP_ANALYSIS = YES;
				CLANG_WARN_STRICT_PROTOTYPES = YES;
				CLANG_WARN_SUSPICIOUS_MOVE = YES;
				CLANG_WARN_UNGUARDED_AVAILABILITY = YES_AGGRESSIVE;
				CLANG_WARN_UNREACHABLE_CODE = YES;
				CLANG_WARN__DUPLICATE_METHOD_MATCH = YES;
				CODE_SIGN_IDENTITY = "iPhone Developer";
				COPY_PHASE_STRIP = NO;
				DEBUG_INFORMATION_FORMAT = dwarf;
				ENABLE_STRICT_OBJC_MSGSEND = YES;
				ENABLE_TESTABILITY = YES;
				GCC_C_LANGUAGE_STANDARD = gnu11;
				GCC_DYNAMIC_NO_PIC = NO;
				GCC_NO_COMMON_BLOCKS = YES;
				GCC_OPTIMIZATION_LEVEL = 0;
				GCC_PREPROCESSOR_DEFINITIONS = (
					"DEBUG=1",
					"$(inherited)",
				);
				GCC_WARN_64_TO_32_BIT_CONVERSION = YES;
				GCC_WARN_ABOUT_RETURN_TYPE = YES_ERROR;
				GCC_WARN_UNDECLARED_SELECTOR = YES;
				GCC_WARN_UNINITIALIZED_AUTOS = YES_AGGRESSIVE;
				GCC_WARN_UNUSED_FUNCTION = YES;
				GCC_WARN_UNUSED_VARIABLE = YES;
				IPHONEOS_DEPLOYMENT_TARGET = 11.4;
				MTL_ENABLE_DEBUG_INFO = YES;
				ONLY_ACTIVE_ARCH = YES;
				SDKROOT = iphoneos;
				SWIFT_ACTIVE_COMPILATION_CONDITIONS = DEBUG;
				SWIFT_OPTIMIZATION_LEVEL = "-Onone";
			};
			name = Debug;
		};
		B00F759C21F4F5C700D6366A /* Release */ = {
			isa = XCBuildConfiguration;
			buildSettings = {
				ALWAYS_SEARCH_USER_PATHS = NO;
				CLANG_ANALYZER_NONNULL = YES;
				CLANG_ANALYZER_NUMBER_OBJECT_CONVERSION = YES_AGGRESSIVE;
				CLANG_CXX_LANGUAGE_STANDARD = "gnu++14";
				CLANG_CXX_LIBRARY = "libc++";
				CLANG_ENABLE_MODULES = YES;
				CLANG_ENABLE_OBJC_ARC = YES;
				CLANG_ENABLE_OBJC_WEAK = YES;
				CLANG_WARN_BLOCK_CAPTURE_AUTORELEASING = YES;
				CLANG_WARN_BOOL_CONVERSION = YES;
				CLANG_WARN_COMMA = YES;
				CLANG_WARN_CONSTANT_CONVERSION = YES;
				CLANG_WARN_DEPRECATED_OBJC_IMPLEMENTATIONS = YES;
				CLANG_WARN_DIRECT_OBJC_ISA_USAGE = YES_ERROR;
				CLANG_WARN_DOCUMENTATION_COMMENTS = YES;
				CLANG_WARN_EMPTY_BODY = YES;
				CLANG_WARN_ENUM_CONVERSION = YES;
				CLANG_WARN_INFINITE_RECURSION = YES;
				CLANG_WARN_INT_CONVERSION = YES;
				CLANG_WARN_NON_LITERAL_NULL_CONVERSION = YES;
				CLANG_WARN_OBJC_IMPLICIT_RETAIN_SELF = YES;
				CLANG_WARN_OBJC_LITERAL_CONVERSION = YES;
				CLANG_WARN_OBJC_ROOT_CLASS = YES_ERROR;
				CLANG_WARN_RANGE_LOOP_ANALYSIS = YES;
				CLANG_WARN_STRICT_PROTOTYPES = YES;
				CLANG_WARN_SUSPICIOUS_MOVE = YES;
				CLANG_WARN_UNGUARDED_AVAILABILITY = YES_AGGRESSIVE;
				CLANG_WARN_UNREACHABLE_CODE = YES;
				CLANG_WARN__DUPLICATE_METHOD_MATCH = YES;
				CODE_SIGN_IDENTITY = "iPhone Developer";
				COPY_PHASE_STRIP = NO;
				DEBUG_INFORMATION_FORMAT = "dwarf-with-dsym";
				ENABLE_NS_ASSERTIONS = NO;
				ENABLE_STRICT_OBJC_MSGSEND = YES;
				GCC_C_LANGUAGE_STANDARD = gnu11;
				GCC_NO_COMMON_BLOCKS = YES;
				GCC_WARN_64_TO_32_BIT_CONVERSION = YES;
				GCC_WARN_ABOUT_RETURN_TYPE = YES_ERROR;
				GCC_WARN_UNDECLARED_SELECTOR = YES;
				GCC_WARN_UNINITIALIZED_AUTOS = YES_AGGRESSIVE;
				GCC_WARN_UNUSED_FUNCTION = YES;
				GCC_WARN_UNUSED_VARIABLE = YES;
				IPHONEOS_DEPLOYMENT_TARGET = 11.4;
				MTL_ENABLE_DEBUG_INFO = NO;
				SDKROOT = iphoneos;
				SWIFT_COMPILATION_MODE = wholemodule;
				SWIFT_OPTIMIZATION_LEVEL = "-O";
				VALIDATE_PRODUCT = YES;
			};
			name = Release;
		};
		B00F759E21F4F5C700D6366A /* Debug */ = {
			isa = XCBuildConfiguration;
			buildSettings = {
				ASSETCATALOG_COMPILER_APPICON_NAME = AppIcon;
				CODE_SIGN_STYLE = Automatic;
				INFOPLIST_FILE = Flix/Info.plist;
				LD_RUNPATH_SEARCH_PATHS = (
					"$(inherited)",
					"@executable_path/Frameworks",
				);
				PRODUCT_BUNDLE_IDENTIFIER = "TR-rev1.Flix";
				PRODUCT_NAME = "$(TARGET_NAME)";
				SWIFT_VERSION = 4.0;
				TARGETED_DEVICE_FAMILY = "1,2";
			};
			name = Debug;
		};
		B00F759F21F4F5C700D6366A /* Release */ = {
			isa = XCBuildConfiguration;
			buildSettings = {
				ASSETCATALOG_COMPILER_APPICON_NAME = AppIcon;
				CODE_SIGN_STYLE = Automatic;
				INFOPLIST_FILE = Flix/Info.plist;
				LD_RUNPATH_SEARCH_PATHS = (
					"$(inherited)",
					"@executable_path/Frameworks",
				);
				PRODUCT_BUNDLE_IDENTIFIER = "TR-rev1.Flix";
				PRODUCT_NAME = "$(TARGET_NAME)";
				SWIFT_VERSION = 4.0;
				TARGETED_DEVICE_FAMILY = "1,2";
			};
			name = Release;
		};
		B00F75A121F4F5C700D6366A /* Debug */ = {
			isa = XCBuildConfiguration;
			buildSettings = {
				ALWAYS_EMBED_SWIFT_STANDARD_LIBRARIES = YES;
				BUNDLE_LOADER = "$(TEST_HOST)";
				CODE_SIGN_STYLE = Automatic;
				INFOPLIST_FILE = FlixTests/Info.plist;
				LD_RUNPATH_SEARCH_PATHS = (
					"$(inherited)",
					"@executable_path/Frameworks",
					"@loader_path/Frameworks",
				);
				PRODUCT_BUNDLE_IDENTIFIER = "TR-rev1.FlixTests";
				PRODUCT_NAME = "$(TARGET_NAME)";
				SWIFT_VERSION = 4.0;
				TARGETED_DEVICE_FAMILY = "1,2";
				TEST_HOST = "$(BUILT_PRODUCTS_DIR)/Flix.app/Flix";
			};
			name = Debug;
		};
		B00F75A221F4F5C700D6366A /* Release */ = {
			isa = XCBuildConfiguration;
			buildSettings = {
				ALWAYS_EMBED_SWIFT_STANDARD_LIBRARIES = YES;
				BUNDLE_LOADER = "$(TEST_HOST)";
				CODE_SIGN_STYLE = Automatic;
				INFOPLIST_FILE = FlixTests/Info.plist;
				LD_RUNPATH_SEARCH_PATHS = (
					"$(inherited)",
					"@executable_path/Frameworks",
					"@loader_path/Frameworks",
				);
				PRODUCT_BUNDLE_IDENTIFIER = "TR-rev1.FlixTests";
				PRODUCT_NAME = "$(TARGET_NAME)";
				SWIFT_VERSION = 4.0;
				TARGETED_DEVICE_FAMILY = "1,2";
				TEST_HOST = "$(BUILT_PRODUCTS_DIR)/Flix.app/Flix";
			};
			name = Release;
		};
		B00F75A421F4F5C700D6366A /* Debug */ = {
			isa = XCBuildConfiguration;
			buildSettings = {
				ALWAYS_EMBED_SWIFT_STANDARD_LIBRARIES = YES;
				CODE_SIGN_STYLE = Automatic;
				INFOPLIST_FILE = FlixUITests/Info.plist;
				LD_RUNPATH_SEARCH_PATHS = (
					"$(inherited)",
					"@executable_path/Frameworks",
					"@loader_path/Frameworks",
				);
				PRODUCT_BUNDLE_IDENTIFIER = "TR-rev1.FlixUITests";
				PRODUCT_NAME = "$(TARGET_NAME)";
				SWIFT_VERSION = 4.0;
				TARGETED_DEVICE_FAMILY = "1,2";
				TEST_TARGET_NAME = Flix;
			};
			name = Debug;
		};
		B00F75A521F4F5C700D6366A /* Release */ = {
			isa = XCBuildConfiguration;
			buildSettings = {
				ALWAYS_EMBED_SWIFT_STANDARD_LIBRARIES = YES;
				CODE_SIGN_STYLE = Automatic;
				INFOPLIST_FILE = FlixUITests/Info.plist;
				LD_RUNPATH_SEARCH_PATHS = (
					"$(inherited)",
					"@executable_path/Frameworks",
					"@loader_path/Frameworks",
				);
				PRODUCT_BUNDLE_IDENTIFIER = "TR-rev1.FlixUITests";
				PRODUCT_NAME = "$(TARGET_NAME)";
				SWIFT_VERSION = 4.0;
				TARGETED_DEVICE_FAMILY = "1,2";
				TEST_TARGET_NAME = Flix;
			};
			name = Release;
		};
/* End XCBuildConfiguration section */

/* Begin XCConfigurationList section */
		B00F757021F4F5C500D6366A /* Build configuration list for PBXProject "Flix" */ = {
			isa = XCConfigurationList;
			buildConfigurations = (
				B00F759B21F4F5C700D6366A /* Debug */,
				B00F759C21F4F5C700D6366A /* Release */,
			);
			defaultConfigurationIsVisible = 0;
			defaultConfigurationName = Release;
		};
		B00F759D21F4F5C700D6366A /* Build configuration list for PBXNativeTarget "Flix" */ = {
			isa = XCConfigurationList;
			buildConfigurations = (
				B00F759E21F4F5C700D6366A /* Debug */,
				B00F759F21F4F5C700D6366A /* Release */,
			);
			defaultConfigurationIsVisible = 0;
			defaultConfigurationName = Release;
		};
		B00F75A021F4F5C700D6366A /* Build configuration list for PBXNativeTarget "FlixTests" */ = {
			isa = XCConfigurationList;
			buildConfigurations = (
				B00F75A121F4F5C700D6366A /* Debug */,
				B00F75A221F4F5C700D6366A /* Release */,
			);
			defaultConfigurationIsVisible = 0;
			defaultConfigurationName = Release;
		};
		B00F75A321F4F5C700D6366A /* Build configuration list for PBXNativeTarget "FlixUITests" */ = {
			isa = XCConfigurationList;
			buildConfigurations = (
				B00F75A421F4F5C700D6366A /* Debug */,
				B00F75A521F4F5C700D6366A /* Release */,
			);
			defaultConfigurationIsVisible = 0;
			defaultConfigurationName = Release;
		};
/* End XCConfigurationList section */
	};
	rootObject = B00F756D21F4F5C500D6366A /* Project object */;
}
