// !$*UTF8*$!
{
	archiveVersion = 1;
	classes = {
	};
	objectVersion = 50;
	objects = {

/* Begin PBXBuildFile section */
		048F2EECF0099CE412B6F83F /* Pods_Tumblr.framework in Frameworks */ = {isa = PBXBuildFile; fileRef = 99A9E32E87D1C3B806A48FD4 /* Pods_Tumblr.framework */; };
		41C8BD8B511CAD9788FEC1F5 /* Pods_TumblrUITests.framework in Frameworks */ = {isa = PBXBuildFile; fileRef = D006D80F9F043D743BE7182D /* Pods_TumblrUITests.framework */; };
		6CE8280C4D0DF5CD2B730CA4 /* Pods_TumblrTests.framework in Frameworks */ = {isa = PBXBuildFile; fileRef = D6FE5F2187DE3A93E9629A03 /* Pods_TumblrTests.framework */; };
		B089021121F978E9006B3368 /* PhotosViewController.swift in Sources */ = {isa = PBXBuildFile; fileRef = B089021021F978E9006B3368 /* PhotosViewController.swift */; };
		B0912BBE21F821DF007D4B40 /* AppDelegate.swift in Sources */ = {isa = PBXBuildFile; fileRef = B0912BBD21F821DF007D4B40 /* AppDelegate.swift */; };
		B0912BC021F821DF007D4B40 /* ViewController.swift in Sources */ = {isa = PBXBuildFile; fileRef = B0912BBF21F821DF007D4B40 /* ViewController.swift */; };
		B0912BC321F821DF007D4B40 /* Main.storyboard in Resources */ = {isa = PBXBuildFile; fileRef = B0912BC121F821DF007D4B40 /* Main.storyboard */; };
		B0912BC521F821E0007D4B40 /* Assets.xcassets in Resources */ = {isa = PBXBuildFile; fileRef = B0912BC421F821E0007D4B40 /* Assets.xcassets */; };
		B0912BC821F821E0007D4B40 /* LaunchScreen.storyboard in Resources */ = {isa = PBXBuildFile; fileRef = B0912BC621F821E0007D4B40 /* LaunchScreen.storyboard */; };
		B0912BD321F821E0007D4B40 /* TumblrTests.swift in Sources */ = {isa = PBXBuildFile; fileRef = B0912BD221F821E0007D4B40 /* TumblrTests.swift */; };
		B0912BDE21F821E0007D4B40 /* TumblrUITests.swift in Sources */ = {isa = PBXBuildFile; fileRef = B0912BDD21F821E0007D4B40 /* TumblrUITests.swift */; };
/* End PBXBuildFile section */

/* Begin PBXContainerItemProxy section */
		B0912BCF21F821E0007D4B40 /* PBXContainerItemProxy */ = {
			isa = PBXContainerItemProxy;
			containerPortal = B0912BB221F821DF007D4B40 /* Project object */;
			proxyType = 1;
			remoteGlobalIDString = B0912BB921F821DF007D4B40;
			remoteInfo = Tumblr;
		};
		B0912BDA21F821E0007D4B40 /* PBXContainerItemProxy */ = {
			isa = PBXContainerItemProxy;
			containerPortal = B0912BB221F821DF007D4B40 /* Project object */;
			proxyType = 1;
			remoteGlobalIDString = B0912BB921F821DF007D4B40;
			remoteInfo = Tumblr;
		};
/* End PBXContainerItemProxy section */

/* Begin PBXFileReference section */
		0316121BC8AE5D4F0179C9D8 /* Pods-Tumblr.debug.xcconfig */ = {isa = PBXFileReference; includeInIndex = 1; lastKnownFileType = text.xcconfig; name = "Pods-Tumblr.debug.xcconfig"; path = "Pods/Target Support Files/Pods-Tumblr/Pods-Tumblr.debug.xcconfig"; sourceTree = "<group>"; };
		207A01C968B7C19028223DD0 /* Pods-TumblrTests.debug.xcconfig */ = {isa = PBXFileReference; includeInIndex = 1; lastKnownFileType = text.xcconfig; name = "Pods-TumblrTests.debug.xcconfig"; path = "Pods/Target Support Files/Pods-TumblrTests/Pods-TumblrTests.debug.xcconfig"; sourceTree = "<group>"; };
		40AC6D87F3E638BDBFD5FEF1 /* Pods-TumblrUITests.release.xcconfig */ = {isa = PBXFileReference; includeInIndex = 1; lastKnownFileType = text.xcconfig; name = "Pods-TumblrUITests.release.xcconfig"; path = "Pods/Target Support Files/Pods-TumblrUITests/Pods-TumblrUITests.release.xcconfig"; sourceTree = "<group>"; };
		99A9E32E87D1C3B806A48FD4 /* Pods_Tumblr.framework */ = {isa = PBXFileReference; explicitFileType = wrapper.framework; includeInIndex = 0; path = Pods_Tumblr.framework; sourceTree = BUILT_PRODUCTS_DIR; };
		B089021021F978E9006B3368 /* PhotosViewController.swift */ = {isa = PBXFileReference; lastKnownFileType = sourcecode.swift; path = PhotosViewController.swift; sourceTree = "<group>"; };
		B0912BBA21F821DF007D4B40 /* Tumblr.app */ = {isa = PBXFileReference; explicitFileType = wrapper.application; includeInIndex = 0; path = Tumblr.app; sourceTree = BUILT_PRODUCTS_DIR; };
		B0912BBD21F821DF007D4B40 /* AppDelegate.swift */ = {isa = PBXFileReference; lastKnownFileType = sourcecode.swift; path = AppDelegate.swift; sourceTree = "<group>"; };
		B0912BBF21F821DF007D4B40 /* ViewController.swift */ = {isa = PBXFileReference; lastKnownFileType = sourcecode.swift; path = ViewController.swift; sourceTree = "<group>"; };
		B0912BC221F821DF007D4B40 /* Base */ = {isa = PBXFileReference; lastKnownFileType = file.storyboard; name = Base; path = Base.lproj/Main.storyboard; sourceTree = "<group>"; };
		B0912BC421F821E0007D4B40 /* Assets.xcassets */ = {isa = PBXFileReference; lastKnownFileType = folder.assetcatalog; path = Assets.xcassets; sourceTree = "<group>"; };
		B0912BC721F821E0007D4B40 /* Base */ = {isa = PBXFileReference; lastKnownFileType = file.storyboard; name = Base; path = Base.lproj/LaunchScreen.storyboard; sourceTree = "<group>"; };
		B0912BC921F821E0007D4B40 /* Info.plist */ = {isa = PBXFileReference; lastKnownFileType = text.plist.xml; path = Info.plist; sourceTree = "<group>"; };
		B0912BCE21F821E0007D4B40 /* TumblrTests.xctest */ = {isa = PBXFileReference; explicitFileType = wrapper.cfbundle; includeInIndex = 0; path = TumblrTests.xctest; sourceTree = BUILT_PRODUCTS_DIR; };
		B0912BD221F821E0007D4B40 /* TumblrTests.swift */ = {isa = PBXFileReference; lastKnownFileType = sourcecode.swift; path = TumblrTests.swift; sourceTree = "<group>"; };
		B0912BD421F821E0007D4B40 /* Info.plist */ = {isa = PBXFileReference; lastKnownFileType = text.plist.xml; path = Info.plist; sourceTree = "<group>"; };
		B0912BD921F821E0007D4B40 /* TumblrUITests.xctest */ = {isa = PBXFileReference; explicitFileType = wrapper.cfbundle; includeInIndex = 0; path = TumblrUITests.xctest; sourceTree = BUILT_PRODUCTS_DIR; };
		B0912BDD21F821E0007D4B40 /* TumblrUITests.swift */ = {isa = PBXFileReference; lastKnownFileType = sourcecode.swift; path = TumblrUITests.swift; sourceTree = "<group>"; };
		B0912BDF21F821E0007D4B40 /* Info.plist */ = {isa = PBXFileReference; lastKnownFileType = text.plist.xml; path = Info.plist; sourceTree = "<group>"; };
		B21CC321E241AFA11A6099EB /* Pods-Tumblr.release.xcconfig */ = {isa = PBXFileReference; includeInIndex = 1; lastKnownFileType = text.xcconfig; name = "Pods-Tumblr.release.xcconfig"; path = "Pods/Target Support Files/Pods-Tumblr/Pods-Tumblr.release.xcconfig"; sourceTree = "<group>"; };
		C4F9C946939379C3AE6410F6 /* Pods-TumblrTests.release.xcconfig */ = {isa = PBXFileReference; includeInIndex = 1; lastKnownFileType = text.xcconfig; name = "Pods-TumblrTests.release.xcconfig"; path = "Pods/Target Support Files/Pods-TumblrTests/Pods-TumblrTests.release.xcconfig"; sourceTree = "<group>"; };
		D006D80F9F043D743BE7182D /* Pods_TumblrUITests.framework */ = {isa = PBXFileReference; explicitFileType = wrapper.framework; includeInIndex = 0; path = Pods_TumblrUITests.framework; sourceTree = BUILT_PRODUCTS_DIR; };
		D324BAA1A33041343FDDFFF2 /* Pods-TumblrUITests.debug.xcconfig */ = {isa = PBXFileReference; includeInIndex = 1; lastKnownFileType = text.xcconfig; name = "Pods-TumblrUITests.debug.xcconfig"; path = "Pods/Target Support Files/Pods-TumblrUITests/Pods-TumblrUITests.debug.xcconfig"; sourceTree = "<group>"; };
		D6FE5F2187DE3A93E9629A03 /* Pods_TumblrTests.framework */ = {isa = PBXFileReference; explicitFileType = wrapper.framework; includeInIndex = 0; path = Pods_TumblrTests.framework; sourceTree = BUILT_PRODUCTS_DIR; };
/* End PBXFileReference section */

/* Begin PBXFrameworksBuildPhase section */
		B0912BB721F821DF007D4B40 /* Frameworks */ = {
			isa = PBXFrameworksBuildPhase;
			buildActionMask = 2147483647;
			files = (
				048F2EECF0099CE412B6F83F /* Pods_Tumblr.framework in Frameworks */,
			);
			runOnlyForDeploymentPostprocessing = 0;
		};
		B0912BCB21F821E0007D4B40 /* Frameworks */ = {
			isa = PBXFrameworksBuildPhase;
			buildActionMask = 2147483647;
			files = (
				6CE8280C4D0DF5CD2B730CA4 /* Pods_TumblrTests.framework in Frameworks */,
			);
			runOnlyForDeploymentPostprocessing = 0;
		};
		B0912BD621F821E0007D4B40 /* Frameworks */ = {
			isa = PBXFrameworksBuildPhase;
			buildActionMask = 2147483647;
			files = (
				41C8BD8B511CAD9788FEC1F5 /* Pods_TumblrUITests.framework in Frameworks */,
			);
			runOnlyForDeploymentPostprocessing = 0;
		};
/* End PBXFrameworksBuildPhase section */

/* Begin PBXGroup section */
		1A9E135CD6D2558983965A7A /* Pods */ = {
			isa = PBXGroup;
			children = (
				0316121BC8AE5D4F0179C9D8 /* Pods-Tumblr.debug.xcconfig */,
				B21CC321E241AFA11A6099EB /* Pods-Tumblr.release.xcconfig */,
				207A01C968B7C19028223DD0 /* Pods-TumblrTests.debug.xcconfig */,
				C4F9C946939379C3AE6410F6 /* Pods-TumblrTests.release.xcconfig */,
				D324BAA1A33041343FDDFFF2 /* Pods-TumblrUITests.debug.xcconfig */,
				40AC6D87F3E638BDBFD5FEF1 /* Pods-TumblrUITests.release.xcconfig */,
			);
			name = Pods;
			sourceTree = "<group>";
		};
		B0912BB121F821DF007D4B40 = {
			isa = PBXGroup;
			children = (
				B0912BBC21F821DF007D4B40 /* Tumblr */,
				B0912BD121F821E0007D4B40 /* TumblrTests */,
				B0912BDC21F821E0007D4B40 /* TumblrUITests */,
				B0912BBB21F821DF007D4B40 /* Products */,
				1A9E135CD6D2558983965A7A /* Pods */,
				D9829FA2D327BB16890B5E75 /* Frameworks */,
			);
			sourceTree = "<group>";
		};
		B0912BBB21F821DF007D4B40 /* Products */ = {
			isa = PBXGroup;
			children = (
				B0912BBA21F821DF007D4B40 /* Tumblr.app */,
				B0912BCE21F821E0007D4B40 /* TumblrTests.xctest */,
				B0912BD921F821E0007D4B40 /* TumblrUITests.xctest */,
			);
			name = Products;
			sourceTree = "<group>";
		};
		B0912BBC21F821DF007D4B40 /* Tumblr */ = {
			isa = PBXGroup;
			children = (
				B0912BEE21F82231007D4B40 /* Storyboards */,
				B0912BED21F8221B007D4B40 /* Views */,
				B0912BBD21F821DF007D4B40 /* AppDelegate.swift */,
				B0912BC421F821E0007D4B40 /* Assets.xcassets */,
				B0912BC921F821E0007D4B40 /* Info.plist */,
			);
			path = Tumblr;
			sourceTree = "<group>";
		};
		B0912BD121F821E0007D4B40 /* TumblrTests */ = {
			isa = PBXGroup;
			children = (
				B0912BD221F821E0007D4B40 /* TumblrTests.swift */,
				B0912BD421F821E0007D4B40 /* Info.plist */,
			);
			path = TumblrTests;
			sourceTree = "<group>";
		};
		B0912BDC21F821E0007D4B40 /* TumblrUITests */ = {
			isa = PBXGroup;
			children = (
				B0912BDD21F821E0007D4B40 /* TumblrUITests.swift */,
				B0912BDF21F821E0007D4B40 /* Info.plist */,
			);
			path = TumblrUITests;
			sourceTree = "<group>";
		};
		B0912BED21F8221B007D4B40 /* Views */ = {
			isa = PBXGroup;
			children = (
				B0912BBF21F821DF007D4B40 /* ViewController.swift */,
				B089021021F978E9006B3368 /* PhotosViewController.swift */,
			);
			path = Views;
			sourceTree = "<group>";
		};
		B0912BEE21F82231007D4B40 /* Storyboards */ = {
			isa = PBXGroup;
			children = (
				B0912BC121F821DF007D4B40 /* Main.storyboard */,
				B0912BC621F821E0007D4B40 /* LaunchScreen.storyboard */,
			);
			path = Storyboards;
			sourceTree = "<group>";
		};
		D9829FA2D327BB16890B5E75 /* Frameworks */ = {
			isa = PBXGroup;
			children = (
				99A9E32E87D1C3B806A48FD4 /* Pods_Tumblr.framework */,
				D6FE5F2187DE3A93E9629A03 /* Pods_TumblrTests.framework */,
				D006D80F9F043D743BE7182D /* Pods_TumblrUITests.framework */,
			);
			name = Frameworks;
			sourceTree = "<group>";
		};
/* End PBXGroup section */

/* Begin PBXNativeTarget section */
		B0912BB921F821DF007D4B40 /* Tumblr */ = {
			isa = PBXNativeTarget;
			buildConfigurationList = B0912BE221F821E0007D4B40 /* Build configuration list for PBXNativeTarget "Tumblr" */;
			buildPhases = (
				D9FB147D287F15639FE64ABF /* [CP] Check Pods Manifest.lock */,
				B0912BB621F821DF007D4B40 /* Sources */,
				B0912BB721F821DF007D4B40 /* Frameworks */,
				B0912BB821F821DF007D4B40 /* Resources */,
				737D5F059B47D84D2AEBA906 /* [CP] Embed Pods Frameworks */,
			);
			buildRules = (
			);
			dependencies = (
			);
			name = Tumblr;
			productName = Tumblr;
			productReference = B0912BBA21F821DF007D4B40 /* Tumblr.app */;
			productType = "com.apple.product-type.application";
		};
		B0912BCD21F821E0007D4B40 /* TumblrTests */ = {
			isa = PBXNativeTarget;
			buildConfigurationList = B0912BE521F821E0007D4B40 /* Build configuration list for PBXNativeTarget "TumblrTests" */;
			buildPhases = (
				AAB08D2C06ED3D58F34E0FC3 /* [CP] Check Pods Manifest.lock */,
				B0912BCA21F821E0007D4B40 /* Sources */,
				B0912BCB21F821E0007D4B40 /* Frameworks */,
				B0912BCC21F821E0007D4B40 /* Resources */,
			);
			buildRules = (
			);
			dependencies = (
				B0912BD021F821E0007D4B40 /* PBXTargetDependency */,
			);
			name = TumblrTests;
			productName = TumblrTests;
			productReference = B0912BCE21F821E0007D4B40 /* TumblrTests.xctest */;
			productType = "com.apple.product-type.bundle.unit-test";
		};
		B0912BD821F821E0007D4B40 /* TumblrUITests */ = {
			isa = PBXNativeTarget;
			buildConfigurationList = B0912BE821F821E0007D4B40 /* Build configuration list for PBXNativeTarget "TumblrUITests" */;
			buildPhases = (
				96FC82EEA0349A6CFFD73DFA /* [CP] Check Pods Manifest.lock */,
				B0912BD521F821E0007D4B40 /* Sources */,
				B0912BD621F821E0007D4B40 /* Frameworks */,
				B0912BD721F821E0007D4B40 /* Resources */,
			);
			buildRules = (
			);
			dependencies = (
				B0912BDB21F821E0007D4B40 /* PBXTargetDependency */,
			);
			name = TumblrUITests;
			productName = TumblrUITests;
			productReference = B0912BD921F821E0007D4B40 /* TumblrUITests.xctest */;
			productType = "com.apple.product-type.bundle.ui-testing";
		};
/* End PBXNativeTarget section */

/* Begin PBXProject section */
		B0912BB221F821DF007D4B40 /* Project object */ = {
			isa = PBXProject;
			attributes = {
				LastSwiftUpdateCheck = 0940;
				LastUpgradeCheck = 0940;
				ORGANIZATIONNAME = BeverlyAb;
				TargetAttributes = {
					B0912BB921F821DF007D4B40 = {
						CreatedOnToolsVersion = 9.4;
					};
					B0912BCD21F821E0007D4B40 = {
						CreatedOnToolsVersion = 9.4;
						TestTargetID = B0912BB921F821DF007D4B40;
					};
					B0912BD821F821E0007D4B40 = {
						CreatedOnToolsVersion = 9.4;
						TestTargetID = B0912BB921F821DF007D4B40;
					};
				};
			};
			buildConfigurationList = B0912BB521F821DF007D4B40 /* Build configuration list for PBXProject "Tumblr" */;
			compatibilityVersion = "Xcode 9.3";
			developmentRegion = en;
			hasScannedForEncodings = 0;
			knownRegions = (
				en,
				Base,
			);
			mainGroup = B0912BB121F821DF007D4B40;
			productRefGroup = B0912BBB21F821DF007D4B40 /* Products */;
			projectDirPath = "";
			projectRoot = "";
			targets = (
				B0912BB921F821DF007D4B40 /* Tumblr */,
				B0912BCD21F821E0007D4B40 /* TumblrTests */,
				B0912BD821F821E0007D4B40 /* TumblrUITests */,
			);
		};
/* End PBXProject section */

/* Begin PBXResourcesBuildPhase section */
		B0912BB821F821DF007D4B40 /* Resources */ = {
			isa = PBXResourcesBuildPhase;
			buildActionMask = 2147483647;
			files = (
				B0912BC821F821E0007D4B40 /* LaunchScreen.storyboard in Resources */,
				B0912BC521F821E0007D4B40 /* Assets.xcassets in Resources */,
				B0912BC321F821DF007D4B40 /* Main.storyboard in Resources */,
			);
			runOnlyForDeploymentPostprocessing = 0;
		};
		B0912BCC21F821E0007D4B40 /* Resources */ = {
			isa = PBXResourcesBuildPhase;
			buildActionMask = 2147483647;
			files = (
			);
			runOnlyForDeploymentPostprocessing = 0;
		};
		B0912BD721F821E0007D4B40 /* Resources */ = {
			isa = PBXResourcesBuildPhase;
			buildActionMask = 2147483647;
			files = (
			);
			runOnlyForDeploymentPostprocessing = 0;
		};
/* End PBXResourcesBuildPhase section */

/* Begin PBXShellScriptBuildPhase section */
		737D5F059B47D84D2AEBA906 /* [CP] Embed Pods Frameworks */ = {
			isa = PBXShellScriptBuildPhase;
			buildActionMask = 2147483647;
			files = (
			);
			inputFileListPaths = (
			);
			inputPaths = (
				"${SRCROOT}/Pods/Target Support Files/Pods-Tumblr/Pods-Tumblr-frameworks.sh",
				"${BUILT_PRODUCTS_DIR}/Alamofire/Alamofire.framework",
				"${BUILT_PRODUCTS_DIR}/AlamofireImage/AlamofireImage.framework",
			);
			name = "[CP] Embed Pods Frameworks";
			outputFileListPaths = (
			);
			outputPaths = (
				"${TARGET_BUILD_DIR}/${FRAMEWORKS_FOLDER_PATH}/Alamofire.framework",
				"${TARGET_BUILD_DIR}/${FRAMEWORKS_FOLDER_PATH}/AlamofireImage.framework",
			);
			runOnlyForDeploymentPostprocessing = 0;
			shellPath = /bin/sh;
			shellScript = "\"${SRCROOT}/Pods/Target Support Files/Pods-Tumblr/Pods-Tumblr-frameworks.sh\"\n";
			showEnvVarsInLog = 0;
		};
		96FC82EEA0349A6CFFD73DFA /* [CP] Check Pods Manifest.lock */ = {
			isa = PBXShellScriptBuildPhase;
			buildActionMask = 2147483647;
			files = (
			);
			inputFileListPaths = (
			);
			inputPaths = (
				"${PODS_PODFILE_DIR_PATH}/Podfile.lock",
				"${PODS_ROOT}/Manifest.lock",
			);
			name = "[CP] Check Pods Manifest.lock";
			outputFileListPaths = (
			);
			outputPaths = (
				"$(DERIVED_FILE_DIR)/Pods-TumblrUITests-checkManifestLockResult.txt",
			);
			runOnlyForDeploymentPostprocessing = 0;
			shellPath = /bin/sh;
			shellScript = "diff \"${PODS_PODFILE_DIR_PATH}/Podfile.lock\" \"${PODS_ROOT}/Manifest.lock\" > /dev/null\nif [ $? != 0 ] ; then\n    # print error to STDERR\n    echo \"error: The sandbox is not in sync with the Podfile.lock. Run 'pod install' or update your CocoaPods installation.\" >&2\n    exit 1\nfi\n# This output is used by Xcode 'outputs' to avoid re-running this script phase.\necho \"SUCCESS\" > \"${SCRIPT_OUTPUT_FILE_0}\"\n";
			showEnvVarsInLog = 0;
		};
		AAB08D2C06ED3D58F34E0FC3 /* [CP] Check Pods Manifest.lock */ = {
			isa = PBXShellScriptBuildPhase;
			buildActionMask = 2147483647;
			files = (
			);
			inputFileListPaths = (
			);
			inputPaths = (
				"${PODS_PODFILE_DIR_PATH}/Podfile.lock",
				"${PODS_ROOT}/Manifest.lock",
			);
			name = "[CP] Check Pods Manifest.lock";
			outputFileListPaths = (
			);
			outputPaths = (
				"$(DERIVED_FILE_DIR)/Pods-TumblrTests-checkManifestLockResult.txt",
			);
			runOnlyForDeploymentPostprocessing = 0;
			shellPath = /bin/sh;
			shellScript = "diff \"${PODS_PODFILE_DIR_PATH}/Podfile.lock\" \"${PODS_ROOT}/Manifest.lock\" > /dev/null\nif [ $? != 0 ] ; then\n    # print error to STDERR\n    echo \"error: The sandbox is not in sync with the Podfile.lock. Run 'pod install' or update your CocoaPods installation.\" >&2\n    exit 1\nfi\n# This output is used by Xcode 'outputs' to avoid re-running this script phase.\necho \"SUCCESS\" > \"${SCRIPT_OUTPUT_FILE_0}\"\n";
			showEnvVarsInLog = 0;
		};
		D9FB147D287F15639FE64ABF /* [CP] Check Pods Manifest.lock */ = {
			isa = PBXShellScriptBuildPhase;
			buildActionMask = 2147483647;
			files = (
			);
			inputFileListPaths = (
			);
			inputPaths = (
				"${PODS_PODFILE_DIR_PATH}/Podfile.lock",
				"${PODS_ROOT}/Manifest.lock",
			);
			name = "[CP] Check Pods Manifest.lock";
			outputFileListPaths = (
			);
			outputPaths = (
				"$(DERIVED_FILE_DIR)/Pods-Tumblr-checkManifestLockResult.txt",
			);
			runOnlyForDeploymentPostprocessing = 0;
			shellPath = /bin/sh;
			shellScript = "diff \"${PODS_PODFILE_DIR_PATH}/Podfile.lock\" \"${PODS_ROOT}/Manifest.lock\" > /dev/null\nif [ $? != 0 ] ; then\n    # print error to STDERR\n    echo \"error: The sandbox is not in sync with the Podfile.lock. Run 'pod install' or update your CocoaPods installation.\" >&2\n    exit 1\nfi\n# This output is used by Xcode 'outputs' to avoid re-running this script phase.\necho \"SUCCESS\" > \"${SCRIPT_OUTPUT_FILE_0}\"\n";
			showEnvVarsInLog = 0;
		};
/* End PBXShellScriptBuildPhase section */

/* Begin PBXSourcesBuildPhase section */
		B0912BB621F821DF007D4B40 /* Sources */ = {
			isa = PBXSourcesBuildPhase;
			buildActionMask = 2147483647;
			files = (
				B089021121F978E9006B3368 /* PhotosViewController.swift in Sources */,
				B0912BC021F821DF007D4B40 /* ViewController.swift in Sources */,
				B0912BBE21F821DF007D4B40 /* AppDelegate.swift in Sources */,
			);
			runOnlyForDeploymentPostprocessing = 0;
		};
		B0912BCA21F821E0007D4B40 /* Sources */ = {
			isa = PBXSourcesBuildPhase;
			buildActionMask = 2147483647;
			files = (
				B0912BD321F821E0007D4B40 /* TumblrTests.swift in Sources */,
			);
			runOnlyForDeploymentPostprocessing = 0;
		};
		B0912BD521F821E0007D4B40 /* Sources */ = {
			isa = PBXSourcesBuildPhase;
			buildActionMask = 2147483647;
			files = (
				B0912BDE21F821E0007D4B40 /* TumblrUITests.swift in Sources */,
			);
			runOnlyForDeploymentPostprocessing = 0;
		};
/* End PBXSourcesBuildPhase section */

/* Begin PBXTargetDependency section */
		B0912BD021F821E0007D4B40 /* PBXTargetDependency */ = {
			isa = PBXTargetDependency;
			target = B0912BB921F821DF007D4B40 /* Tumblr */;
			targetProxy = B0912BCF21F821E0007D4B40 /* PBXContainerItemProxy */;
		};
		B0912BDB21F821E0007D4B40 /* PBXTargetDependency */ = {
			isa = PBXTargetDependency;
			target = B0912BB921F821DF007D4B40 /* Tumblr */;
			targetProxy = B0912BDA21F821E0007D4B40 /* PBXContainerItemProxy */;
		};
/* End PBXTargetDependency section */

/* Begin PBXVariantGroup section */
		B0912BC121F821DF007D4B40 /* Main.storyboard */ = {
			isa = PBXVariantGroup;
			children = (
				B0912BC221F821DF007D4B40 /* Base */,
			);
			name = Main.storyboard;
			sourceTree = "<group>";
		};
		B0912BC621F821E0007D4B40 /* LaunchScreen.storyboard */ = {
			isa = PBXVariantGroup;
			children = (
				B0912BC721F821E0007D4B40 /* Base */,
			);
			name = LaunchScreen.storyboard;
			sourceTree = "<group>";
		};
/* End PBXVariantGroup section */

/* Begin XCBuildConfiguration section */
		B0912BE021F821E0007D4B40 /* Debug */ = {
			isa = XCBuildConfiguration;
			buildSettings = {
				ALWAYS_SEARCH_USER_PATHS = NO;
				CLANG_ANALYZER_NONNULL = YES;
				CLANG_ANALYZER_NUMBER_OBJECT_CONVERSION = YES_AGGRESSIVE;
				CLANG_CXX_LANGUAGE_STANDARD = "gnu++14";
				CLANG_CXX_LIBRARY = "libc++";
				CLANG_ENABLE_MODULES = YES;
				CLANG_ENABLE_OBJC_ARC = YES;
				CLANG_ENABLE_OBJC_WEAK = YES;
				CLANG_WARN_BLOCK_CAPTURE_AUTORELEASING = YES;
				CLANG_WARN_BOOL_CONVERSION = YES;
				CLANG_WARN_COMMA = YES;
				CLANG_WARN_CONSTANT_CONVERSION = YES;
				CLANG_WARN_DEPRECATED_OBJC_IMPLEMENTATIONS = YES;
				CLANG_WARN_DIRECT_OBJC_ISA_USAGE = YES_ERROR;
				CLANG_WARN_DOCUMENTATION_COMMENTS = YES;
				CLANG_WARN_EMPTY_BODY = YES;
				CLANG_WARN_ENUM_CONVERSION = YES;
				CLANG_WARN_INFINITE_RECURSION = YES;
				CLANG_WARN_INT_CONVERSION = YES;
				CLANG_WARN_NON_LITERAL_NULL_CONVERSION = YES;
				CLANG_WARN_OBJC_IMPLICIT_RETAIN_SELF = YES;
				CLANG_WARN_OBJC_LITERAL_CONVERSION = YES;
				CLANG_WARN_OBJC_ROOT_CLASS = YES_ERROR;
				CLANG_WARN_RANGE_LOOP_ANALYSIS = YES;
				CLANG_WARN_STRICT_PROTOTYPES = YES;
				CLANG_WARN_SUSPICIOUS_MOVE = YES;
				CLANG_WARN_UNGUARDED_AVAILABILITY = YES_AGGRESSIVE;
				CLANG_WARN_UNREACHABLE_CODE = YES;
				CLANG_WARN__DUPLICATE_METHOD_MATCH = YES;
				CODE_SIGN_IDENTITY = "iPhone Developer";
				COPY_PHASE_STRIP = NO;
				DEBUG_INFORMATION_FORMAT = dwarf;
				ENABLE_STRICT_OBJC_MSGSEND = YES;
				ENABLE_TESTABILITY = YES;
				GCC_C_LANGUAGE_STANDARD = gnu11;
				GCC_DYNAMIC_NO_PIC = NO;
				GCC_NO_COMMON_BLOCKS = YES;
				GCC_OPTIMIZATION_LEVEL = 0;
				GCC_PREPROCESSOR_DEFINITIONS = (
					"DEBUG=1",
					"$(inherited)",
				);
				GCC_WARN_64_TO_32_BIT_CONVERSION = YES;
				GCC_WARN_ABOUT_RETURN_TYPE = YES_ERROR;
				GCC_WARN_UNDECLARED_SELECTOR = YES;
				GCC_WARN_UNINITIALIZED_AUTOS = YES_AGGRESSIVE;
				GCC_WARN_UNUSED_FUNCTION = YES;
				GCC_WARN_UNUSED_VARIABLE = YES;
				IPHONEOS_DEPLOYMENT_TARGET = 11.4;
				MTL_ENABLE_DEBUG_INFO = YES;
				ONLY_ACTIVE_ARCH = YES;
				SDKROOT = iphoneos;
				SWIFT_ACTIVE_COMPILATION_CONDITIONS = DEBUG;
				SWIFT_OPTIMIZATION_LEVEL = "-Onone";
			};
			name = Debug;
		};
		B0912BE121F821E0007D4B40 /* Release */ = {
			isa = XCBuildConfiguration;
			buildSettings = {
				ALWAYS_SEARCH_USER_PATHS = NO;
				CLANG_ANALYZER_NONNULL = YES;
				CLANG_ANALYZER_NUMBER_OBJECT_CONVERSION = YES_AGGRESSIVE;
				CLANG_CXX_LANGUAGE_STANDARD = "gnu++14";
				CLANG_CXX_LIBRARY = "libc++";
				CLANG_ENABLE_MODULES = YES;
				CLANG_ENABLE_OBJC_ARC = YES;
				CLANG_ENABLE_OBJC_WEAK = YES;
				CLANG_WARN_BLOCK_CAPTURE_AUTORELEASING = YES;
				CLANG_WARN_BOOL_CONVERSION = YES;
				CLANG_WARN_COMMA = YES;
				CLANG_WARN_CONSTANT_CONVERSION = YES;
				CLANG_WARN_DEPRECATED_OBJC_IMPLEMENTATIONS = YES;
				CLANG_WARN_DIRECT_OBJC_ISA_USAGE = YES_ERROR;
				CLANG_WARN_DOCUMENTATION_COMMENTS = YES;
				CLANG_WARN_EMPTY_BODY = YES;
				CLANG_WARN_ENUM_CONVERSION = YES;
				CLANG_WARN_INFINITE_RECURSION = YES;
				CLANG_WARN_INT_CONVERSION = YES;
				CLANG_WARN_NON_LITERAL_NULL_CONVERSION = YES;
				CLANG_WARN_OBJC_IMPLICIT_RETAIN_SELF = YES;
				CLANG_WARN_OBJC_LITERAL_CONVERSION = YES;
				CLANG_WARN_OBJC_ROOT_CLASS = YES_ERROR;
				CLANG_WARN_RANGE_LOOP_ANALYSIS = YES;
				CLANG_WARN_STRICT_PROTOTYPES = YES;
				CLANG_WARN_SUSPICIOUS_MOVE = YES;
				CLANG_WARN_UNGUARDED_AVAILABILITY = YES_AGGRESSIVE;
				CLANG_WARN_UNREACHABLE_CODE = YES;
				CLANG_WARN__DUPLICATE_METHOD_MATCH = YES;
				CODE_SIGN_IDENTITY = "iPhone Developer";
				COPY_PHASE_STRIP = NO;
				DEBUG_INFORMATION_FORMAT = "dwarf-with-dsym";
				ENABLE_NS_ASSERTIONS = NO;
				ENABLE_STRICT_OBJC_MSGSEND = YES;
				GCC_C_LANGUAGE_STANDARD = gnu11;
				GCC_NO_COMMON_BLOCKS = YES;
				GCC_WARN_64_TO_32_BIT_CONVERSION = YES;
				GCC_WARN_ABOUT_RETURN_TYPE = YES_ERROR;
				GCC_WARN_UNDECLARED_SELECTOR = YES;
				GCC_WARN_UNINITIALIZED_AUTOS = YES_AGGRESSIVE;
				GCC_WARN_UNUSED_FUNCTION = YES;
				GCC_WARN_UNUSED_VARIABLE = YES;
				IPHONEOS_DEPLOYMENT_TARGET = 11.4;
				MTL_ENABLE_DEBUG_INFO = NO;
				SDKROOT = iphoneos;
				SWIFT_COMPILATION_MODE = wholemodule;
				SWIFT_OPTIMIZATION_LEVEL = "-O";
				VALIDATE_PRODUCT = YES;
			};
			name = Release;
		};
		B0912BE321F821E0007D4B40 /* Debug */ = {
			isa = XCBuildConfiguration;
			baseConfigurationReference = 0316121BC8AE5D4F0179C9D8 /* Pods-Tumblr.debug.xcconfig */;
			buildSettings = {
				ASSETCATALOG_COMPILER_APPICON_NAME = AppIcon;
				CODE_SIGN_STYLE = Automatic;
				INFOPLIST_FILE = Tumblr/Info.plist;
				LD_RUNPATH_SEARCH_PATHS = (
					"$(inherited)",
					"@executable_path/Frameworks",
				);
				PRODUCT_BUNDLE_IDENTIFIER = "TR-rev1.Tumblr";
				PRODUCT_NAME = "$(TARGET_NAME)";
				SWIFT_VERSION = 4.0;
				TARGETED_DEVICE_FAMILY = "1,2";
			};
			name = Debug;
		};
		B0912BE421F821E0007D4B40 /* Release */ = {
			isa = XCBuildConfiguration;
			baseConfigurationReference = B21CC321E241AFA11A6099EB /* Pods-Tumblr.release.xcconfig */;
			buildSettings = {
				ASSETCATALOG_COMPILER_APPICON_NAME = AppIcon;
				CODE_SIGN_STYLE = Automatic;
				INFOPLIST_FILE = Tumblr/Info.plist;
				LD_RUNPATH_SEARCH_PATHS = (
					"$(inherited)",
					"@executable_path/Frameworks",
				);
				PRODUCT_BUNDLE_IDENTIFIER = "TR-rev1.Tumblr";
				PRODUCT_NAME = "$(TARGET_NAME)";
				SWIFT_VERSION = 4.0;
				TARGETED_DEVICE_FAMILY = "1,2";
			};
			name = Release;
		};
		B0912BE621F821E0007D4B40 /* Debug */ = {
			isa = XCBuildConfiguration;
			baseConfigurationReference = 207A01C968B7C19028223DD0 /* Pods-TumblrTests.debug.xcconfig */;
			buildSettings = {
				ALWAYS_EMBED_SWIFT_STANDARD_LIBRARIES = YES;
				BUNDLE_LOADER = "$(TEST_HOST)";
				CODE_SIGN_STYLE = Automatic;
				INFOPLIST_FILE = TumblrTests/Info.plist;
				LD_RUNPATH_SEARCH_PATHS = (
					"$(inherited)",
					"@executable_path/Frameworks",
					"@loader_path/Frameworks",
				);
				PRODUCT_BUNDLE_IDENTIFIER = "TR-rev1.TumblrTests";
				PRODUCT_NAME = "$(TARGET_NAME)";
				SWIFT_VERSION = 4.0;
				TARGETED_DEVICE_FAMILY = "1,2";
				TEST_HOST = "$(BUILT_PRODUCTS_DIR)/Tumblr.app/Tumblr";
			};
			name = Debug;
		};
		B0912BE721F821E0007D4B40 /* Release */ = {
			isa = XCBuildConfiguration;
			baseConfigurationReference = C4F9C946939379C3AE6410F6 /* Pods-TumblrTests.release.xcconfig */;
			buildSettings = {
				ALWAYS_EMBED_SWIFT_STANDARD_LIBRARIES = YES;
				BUNDLE_LOADER = "$(TEST_HOST)";
				CODE_SIGN_STYLE = Automatic;
				INFOPLIST_FILE = TumblrTests/Info.plist;
				LD_RUNPATH_SEARCH_PATHS = (
					"$(inherited)",
					"@executable_path/Frameworks",
					"@loader_path/Frameworks",
				);
				PRODUCT_BUNDLE_IDENTIFIER = "TR-rev1.TumblrTests";
				PRODUCT_NAME = "$(TARGET_NAME)";
				SWIFT_VERSION = 4.0;
				TARGETED_DEVICE_FAMILY = "1,2";
				TEST_HOST = "$(BUILT_PRODUCTS_DIR)/Tumblr.app/Tumblr";
			};
			name = Release;
		};
		B0912BE921F821E0007D4B40 /* Debug */ = {
			isa = XCBuildConfiguration;
			baseConfigurationReference = D324BAA1A33041343FDDFFF2 /* Pods-TumblrUITests.debug.xcconfig */;
			buildSettings = {
				ALWAYS_EMBED_SWIFT_STANDARD_LIBRARIES = YES;
				CODE_SIGN_STYLE = Automatic;
				INFOPLIST_FILE = TumblrUITests/Info.plist;
				LD_RUNPATH_SEARCH_PATHS = (
					"$(inherited)",
					"@executable_path/Frameworks",
					"@loader_path/Frameworks",
				);
				PRODUCT_BUNDLE_IDENTIFIER = "TR-rev1.TumblrUITests";
				PRODUCT_NAME = "$(TARGET_NAME)";
				SWIFT_VERSION = 4.0;
				TARGETED_DEVICE_FAMILY = "1,2";
				TEST_TARGET_NAME = Tumblr;
			};
			name = Debug;
		};
		B0912BEA21F821E0007D4B40 /* Release */ = {
			isa = XCBuildConfiguration;
			baseConfigurationReference = 40AC6D87F3E638BDBFD5FEF1 /* Pods-TumblrUITests.release.xcconfig */;
			buildSettings = {
				ALWAYS_EMBED_SWIFT_STANDARD_LIBRARIES = YES;
				CODE_SIGN_STYLE = Automatic;
				INFOPLIST_FILE = TumblrUITests/Info.plist;
				LD_RUNPATH_SEARCH_PATHS = (
					"$(inherited)",
					"@executable_path/Frameworks",
					"@loader_path/Frameworks",
				);
				PRODUCT_BUNDLE_IDENTIFIER = "TR-rev1.TumblrUITests";
				PRODUCT_NAME = "$(TARGET_NAME)";
				SWIFT_VERSION = 4.0;
				TARGETED_DEVICE_FAMILY = "1,2";
				TEST_TARGET_NAME = Tumblr;
			};
			name = Release;
		};
/* End XCBuildConfiguration section */

/* Begin XCConfigurationList section */
		B0912BB521F821DF007D4B40 /* Build configuration list for PBXProject "Tumblr" */ = {
			isa = XCConfigurationList;
			buildConfigurations = (
				B0912BE021F821E0007D4B40 /* Debug */,
				B0912BE121F821E0007D4B40 /* Release */,
			);
			defaultConfigurationIsVisible = 0;
			defaultConfigurationName = Release;
		};
		B0912BE221F821E0007D4B40 /* Build configuration list for PBXNativeTarget "Tumblr" */ = {
			isa = XCConfigurationList;
			buildConfigurations = (
				B0912BE321F821E0007D4B40 /* Debug */,
				B0912BE421F821E0007D4B40 /* Release */,
			);
			defaultConfigurationIsVisible = 0;
			defaultConfigurationName = Release;
		};
		B0912BE521F821E0007D4B40 /* Build configuration list for PBXNativeTarget "TumblrTests" */ = {
			isa = XCConfigurationList;
			buildConfigurations = (
				B0912BE621F821E0007D4B40 /* Debug */,
				B0912BE721F821E0007D4B40 /* Release */,
			);
			defaultConfigurationIsVisible = 0;
			defaultConfigurationName = Release;
		};
		B0912BE821F821E0007D4B40 /* Build configuration list for PBXNativeTarget "TumblrUITests" */ = {
			isa = XCConfigurationList;
			buildConfigurations = (
				B0912BE921F821E0007D4B40 /* Debug */,
				B0912BEA21F821E0007D4B40 /* Release */,
			);
			defaultConfigurationIsVisible = 0;
			defaultConfigurationName = Release;
		};
/* End XCConfigurationList section */
	};
	rootObject = B0912BB221F821DF007D4B40 /* Project object */;
}
