// !$*UTF8*$!
{
	archiveVersion = 1;
	classes = {
	};
	objectVersion = 50;
	objects = {

/* Begin PBXBuildFile section */
		190061E6635BAAC569055CF3 /* Pods_Tumblr.framework in Frameworks */ = {isa = PBXBuildFile; fileRef = 03D929D609DFFF0C457146B4 /* Pods_Tumblr.framework */; };
		B07D5B0021F9938600B3077D /* PhotosViewController.swift in Sources */ = {isa = PBXBuildFile; fileRef = B07D5AFF21F9938600B3077D /* PhotosViewController.swift */; };
		B07D5B0221F995AB00B3077D /* PhotoCell.swift in Sources */ = {isa = PBXBuildFile; fileRef = B07D5B0121F995AB00B3077D /* PhotoCell.swift */; };
		B07D5B0421F9962800B3077D /* DetailViewController.swift in Sources */ = {isa = PBXBuildFile; fileRef = B07D5B0321F9962800B3077D /* DetailViewController.swift */; };
		B089026221F992E4006B3368 /* AppDelegate.swift in Sources */ = {isa = PBXBuildFile; fileRef = B089026121F992E4006B3368 /* AppDelegate.swift */; };
		B089026721F992E4006B3368 /* Main.storyboard in Resources */ = {isa = PBXBuildFile; fileRef = B089026521F992E4006B3368 /* Main.storyboard */; };
		B089026921F992E5006B3368 /* Assets.xcassets in Resources */ = {isa = PBXBuildFile; fileRef = B089026821F992E5006B3368 /* Assets.xcassets */; };
		B089026C21F992E5006B3368 /* LaunchScreen.storyboard in Resources */ = {isa = PBXBuildFile; fileRef = B089026A21F992E5006B3368 /* LaunchScreen.storyboard */; };
		B089027721F992E5006B3368 /* TumblrTests.swift in Sources */ = {isa = PBXBuildFile; fileRef = B089027621F992E5006B3368 /* TumblrTests.swift */; };
		B089028221F992E5006B3368 /* TumblrUITests.swift in Sources */ = {isa = PBXBuildFile; fileRef = B089028121F992E5006B3368 /* TumblrUITests.swift */; };
		BF8AA5F928AFC19A1F79AA75 /* Pods_TumblrTests.framework in Frameworks */ = {isa = PBXBuildFile; fileRef = 8FEB7B211634B36072D31520 /* Pods_TumblrTests.framework */; };
		D921A52381E0A1C9721C4E89 /* Pods_TumblrUITests.framework in Frameworks */ = {isa = PBXBuildFile; fileRef = D190690BE487807A5503CA84 /* Pods_TumblrUITests.framework */; };
/* End PBXBuildFile section */

/* Begin PBXContainerItemProxy section */
		B089027321F992E5006B3368 /* PBXContainerItemProxy */ = {
			isa = PBXContainerItemProxy;
			containerPortal = B089025621F992E4006B3368 /* Project object */;
			proxyType = 1;
			remoteGlobalIDString = B089025D21F992E4006B3368;
			remoteInfo = Tumblr;
		};
		B089027E21F992E5006B3368 /* PBXContainerItemProxy */ = {
			isa = PBXContainerItemProxy;
			containerPortal = B089025621F992E4006B3368 /* Project object */;
			proxyType = 1;
			remoteGlobalIDString = B089025D21F992E4006B3368;
			remoteInfo = Tumblr;
		};
/* End PBXContainerItemProxy section */

/* Begin PBXFileReference section */
		03D929D609DFFF0C457146B4 /* Pods_Tumblr.framework */ = {isa = PBXFileReference; explicitFileType = wrapper.framework; includeInIndex = 0; path = Pods_Tumblr.framework; sourceTree = BUILT_PRODUCTS_DIR; };
		0EE86F2BB30C6436363455E4 /* Pods-TumblrTests.release.xcconfig */ = {isa = PBXFileReference; includeInIndex = 1; lastKnownFileType = text.xcconfig; name = "Pods-TumblrTests.release.xcconfig"; path = "Pods/Target Support Files/Pods-TumblrTests/Pods-TumblrTests.release.xcconfig"; sourceTree = "<group>"; };
		790045BD96695F0B87335412 /* Pods-TumblrUITests.debug.xcconfig */ = {isa = PBXFileReference; includeInIndex = 1; lastKnownFileType = text.xcconfig; name = "Pods-TumblrUITests.debug.xcconfig"; path = "Pods/Target Support Files/Pods-TumblrUITests/Pods-TumblrUITests.debug.xcconfig"; sourceTree = "<group>"; };
		8FEB7B211634B36072D31520 /* Pods_TumblrTests.framework */ = {isa = PBXFileReference; explicitFileType = wrapper.framework; includeInIndex = 0; path = Pods_TumblrTests.framework; sourceTree = BUILT_PRODUCTS_DIR; };
		B07D5AFF21F9938600B3077D /* PhotosViewController.swift */ = {isa = PBXFileReference; lastKnownFileType = sourcecode.swift; path = PhotosViewController.swift; sourceTree = "<group>"; };
		B07D5B0121F995AB00B3077D /* PhotoCell.swift */ = {isa = PBXFileReference; lastKnownFileType = sourcecode.swift; path = PhotoCell.swift; sourceTree = "<group>"; };
		B07D5B0321F9962800B3077D /* DetailViewController.swift */ = {isa = PBXFileReference; lastKnownFileType = sourcecode.swift; path = DetailViewController.swift; sourceTree = "<group>"; };
		B089025E21F992E4006B3368 /* Tumblr.app */ = {isa = PBXFileReference; explicitFileType = wrapper.application; includeInIndex = 0; path = Tumblr.app; sourceTree = BUILT_PRODUCTS_DIR; };
		B089026121F992E4006B3368 /* AppDelegate.swift */ = {isa = PBXFileReference; lastKnownFileType = sourcecode.swift; path = AppDelegate.swift; sourceTree = "<group>"; };
		B089026621F992E4006B3368 /* Base */ = {isa = PBXFileReference; lastKnownFileType = file.storyboard; name = Base; path = Base.lproj/Main.storyboard; sourceTree = "<group>"; };
		B089026821F992E5006B3368 /* Assets.xcassets */ = {isa = PBXFileReference; lastKnownFileType = folder.assetcatalog; path = Assets.xcassets; sourceTree = "<group>"; };
		B089026B21F992E5006B3368 /* Base */ = {isa = PBXFileReference; lastKnownFileType = file.storyboard; name = Base; path = Base.lproj/LaunchScreen.storyboard; sourceTree = "<group>"; };
		B089026D21F992E5006B3368 /* Info.plist */ = {isa = PBXFileReference; lastKnownFileType = text.plist.xml; path = Info.plist; sourceTree = "<group>"; };
		B089027221F992E5006B3368 /* TumblrTests.xctest */ = {isa = PBXFileReference; explicitFileType = wrapper.cfbundle; includeInIndex = 0; path = TumblrTests.xctest; sourceTree = BUILT_PRODUCTS_DIR; };
		B089027621F992E5006B3368 /* TumblrTests.swift */ = {isa = PBXFileReference; lastKnownFileType = sourcecode.swift; path = TumblrTests.swift; sourceTree = "<group>"; };
		B089027821F992E5006B3368 /* Info.plist */ = {isa = PBXFileReference; lastKnownFileType = text.plist.xml; path = Info.plist; sourceTree = "<group>"; };
		B089027D21F992E5006B3368 /* TumblrUITests.xctest */ = {isa = PBXFileReference; explicitFileType = wrapper.cfbundle; includeInIndex = 0; path = TumblrUITests.xctest; sourceTree = BUILT_PRODUCTS_DIR; };
		B089028121F992E5006B3368 /* TumblrUITests.swift */ = {isa = PBXFileReference; lastKnownFileType = sourcecode.swift; path = TumblrUITests.swift; sourceTree = "<group>"; };
		B089028321F992E5006B3368 /* Info.plist */ = {isa = PBXFileReference; lastKnownFileType = text.plist.xml; path = Info.plist; sourceTree = "<group>"; };
		B4BAE1F1C62C96B76C9E780F /* Pods-TumblrUITests.release.xcconfig */ = {isa = PBXFileReference; includeInIndex = 1; lastKnownFileType = text.xcconfig; name = "Pods-TumblrUITests.release.xcconfig"; path = "Pods/Target Support Files/Pods-TumblrUITests/Pods-TumblrUITests.release.xcconfig"; sourceTree = "<group>"; };
		C61848070E82C1CB13C66530 /* Pods-TumblrTests.debug.xcconfig */ = {isa = PBXFileReference; includeInIndex = 1; lastKnownFileType = text.xcconfig; name = "Pods-TumblrTests.debug.xcconfig"; path = "Pods/Target Support Files/Pods-TumblrTests/Pods-TumblrTests.debug.xcconfig"; sourceTree = "<group>"; };
		C95A3C741B3582B5B78CB51D /* Pods-Tumblr.release.xcconfig */ = {isa = PBXFileReference; includeInIndex = 1; lastKnownFileType = text.xcconfig; name = "Pods-Tumblr.release.xcconfig"; path = "Pods/Target Support Files/Pods-Tumblr/Pods-Tumblr.release.xcconfig"; sourceTree = "<group>"; };
		D190690BE487807A5503CA84 /* Pods_TumblrUITests.framework */ = {isa = PBXFileReference; explicitFileType = wrapper.framework; includeInIndex = 0; path = Pods_TumblrUITests.framework; sourceTree = BUILT_PRODUCTS_DIR; };
		EC301C44BB7FA690FF6912E3 /* Pods-Tumblr.debug.xcconfig */ = {isa = PBXFileReference; includeInIndex = 1; lastKnownFileType = text.xcconfig; name = "Pods-Tumblr.debug.xcconfig"; path = "Pods/Target Support Files/Pods-Tumblr/Pods-Tumblr.debug.xcconfig"; sourceTree = "<group>"; };
/* End PBXFileReference section */

/* Begin PBXFrameworksBuildPhase section */
		B089025B21F992E4006B3368 /* Frameworks */ = {
			isa = PBXFrameworksBuildPhase;
			buildActionMask = 2147483647;
			files = (
				190061E6635BAAC569055CF3 /* Pods_Tumblr.framework in Frameworks */,
			);
			runOnlyForDeploymentPostprocessing = 0;
		};
		B089026F21F992E5006B3368 /* Frameworks */ = {
			isa = PBXFrameworksBuildPhase;
			buildActionMask = 2147483647;
			files = (
				BF8AA5F928AFC19A1F79AA75 /* Pods_TumblrTests.framework in Frameworks */,
			);
			runOnlyForDeploymentPostprocessing = 0;
		};
		B089027A21F992E5006B3368 /* Frameworks */ = {
			isa = PBXFrameworksBuildPhase;
			buildActionMask = 2147483647;
			files = (
				D921A52381E0A1C9721C4E89 /* Pods_TumblrUITests.framework in Frameworks */,
			);
			runOnlyForDeploymentPostprocessing = 0;
		};
/* End PBXFrameworksBuildPhase section */

/* Begin PBXGroup section */
		588C3E00107BF09B246A2042 /* Pods */ = {
			isa = PBXGroup;
			children = (
				EC301C44BB7FA690FF6912E3 /* Pods-Tumblr.debug.xcconfig */,
				C95A3C741B3582B5B78CB51D /* Pods-Tumblr.release.xcconfig */,
				C61848070E82C1CB13C66530 /* Pods-TumblrTests.debug.xcconfig */,
				0EE86F2BB30C6436363455E4 /* Pods-TumblrTests.release.xcconfig */,
				790045BD96695F0B87335412 /* Pods-TumblrUITests.debug.xcconfig */,
				B4BAE1F1C62C96B76C9E780F /* Pods-TumblrUITests.release.xcconfig */,
			);
			name = Pods;
			sourceTree = "<group>";
		};
		A13665713836A1E4C6C75780 /* Frameworks */ = {
			isa = PBXGroup;
			children = (
				03D929D609DFFF0C457146B4 /* Pods_Tumblr.framework */,
				8FEB7B211634B36072D31520 /* Pods_TumblrTests.framework */,
				D190690BE487807A5503CA84 /* Pods_TumblrUITests.framework */,
			);
			name = Frameworks;
			sourceTree = "<group>";
		};
		B089025521F992E4006B3368 = {
			isa = PBXGroup;
			children = (
				B089026021F992E4006B3368 /* Tumblr */,
				B089027521F992E5006B3368 /* TumblrTests */,
				B089028021F992E5006B3368 /* TumblrUITests */,
				B089025F21F992E4006B3368 /* Products */,
				588C3E00107BF09B246A2042 /* Pods */,
				A13665713836A1E4C6C75780 /* Frameworks */,
			);
			sourceTree = "<group>";
		};
		B089025F21F992E4006B3368 /* Products */ = {
			isa = PBXGroup;
			children = (
				B089025E21F992E4006B3368 /* Tumblr.app */,
				B089027221F992E5006B3368 /* TumblrTests.xctest */,
				B089027D21F992E5006B3368 /* TumblrUITests.xctest */,
			);
			name = Products;
			sourceTree = "<group>";
		};
		B089026021F992E4006B3368 /* Tumblr */ = {
			isa = PBXGroup;
			children = (
				B089026121F992E4006B3368 /* AppDelegate.swift */,
				B07D5B0121F995AB00B3077D /* PhotoCell.swift */,
				B089026521F992E4006B3368 /* Main.storyboard */,
				B07D5B0321F9962800B3077D /* DetailViewController.swift */,
				B07D5AFF21F9938600B3077D /* PhotosViewController.swift */,
				B089026821F992E5006B3368 /* Assets.xcassets */,
				B089026A21F992E5006B3368 /* LaunchScreen.storyboard */,
				B089026D21F992E5006B3368 /* Info.plist */,
			);
			path = Tumblr;
			sourceTree = "<group>";
		};
		B089027521F992E5006B3368 /* TumblrTests */ = {
			isa = PBXGroup;
			children = (
				B089027621F992E5006B3368 /* TumblrTests.swift */,
				B089027821F992E5006B3368 /* Info.plist */,
			);
			path = TumblrTests;
			sourceTree = "<group>";
		};
		B089028021F992E5006B3368 /* TumblrUITests */ = {
			isa = PBXGroup;
			children = (
				B089028121F992E5006B3368 /* TumblrUITests.swift */,
				B089028321F992E5006B3368 /* Info.plist */,
			);
			path = TumblrUITests;
			sourceTree = "<group>";
		};
/* End PBXGroup section */

/* Begin PBXNativeTarget section */
		B089025D21F992E4006B3368 /* Tumblr */ = {
			isa = PBXNativeTarget;
			buildConfigurationList = B089028621F992E5006B3368 /* Build configuration list for PBXNativeTarget "Tumblr" */;
			buildPhases = (
				D8484DD051B4F4FFACD3EA0A /* [CP] Check Pods Manifest.lock */,
				B089025A21F992E4006B3368 /* Sources */,
				B089025B21F992E4006B3368 /* Frameworks */,
				B089025C21F992E4006B3368 /* Resources */,
				50A89E9D5321B0EAF42D78AE /* [CP] Embed Pods Frameworks */,
			);
			buildRules = (
			);
			dependencies = (
			);
			name = Tumblr;
			productName = Tumblr;
			productReference = B089025E21F992E4006B3368 /* Tumblr.app */;
			productType = "com.apple.product-type.application";
		};
		B089027121F992E5006B3368 /* TumblrTests */ = {
			isa = PBXNativeTarget;
			buildConfigurationList = B089028921F992E5006B3368 /* Build configuration list for PBXNativeTarget "TumblrTests" */;
			buildPhases = (
				5C91E76C8E87B060E06BDDEF /* [CP] Check Pods Manifest.lock */,
				B089026E21F992E5006B3368 /* Sources */,
				B089026F21F992E5006B3368 /* Frameworks */,
				B089027021F992E5006B3368 /* Resources */,
			);
			buildRules = (
			);
			dependencies = (
				B089027421F992E5006B3368 /* PBXTargetDependency */,
			);
			name = TumblrTests;
			productName = TumblrTests;
			productReference = B089027221F992E5006B3368 /* TumblrTests.xctest */;
			productType = "com.apple.product-type.bundle.unit-test";
		};
		B089027C21F992E5006B3368 /* TumblrUITests */ = {
			isa = PBXNativeTarget;
			buildConfigurationList = B089028C21F992E5006B3368 /* Build configuration list for PBXNativeTarget "TumblrUITests" */;
			buildPhases = (
				C65BE80735C13BBB8944C0AD /* [CP] Check Pods Manifest.lock */,
				B089027921F992E5006B3368 /* Sources */,
				B089027A21F992E5006B3368 /* Frameworks */,
				B089027B21F992E5006B3368 /* Resources */,
			);
			buildRules = (
			);
			dependencies = (
				B089027F21F992E5006B3368 /* PBXTargetDependency */,
			);
			name = TumblrUITests;
			productName = TumblrUITests;
			productReference = B089027D21F992E5006B3368 /* TumblrUITests.xctest */;
			productType = "com.apple.product-type.bundle.ui-testing";
		};
/* End PBXNativeTarget section */

/* Begin PBXProject section */
		B089025621F992E4006B3368 /* Project object */ = {
			isa = PBXProject;
			attributes = {
				LastSwiftUpdateCheck = 0940;
				LastUpgradeCheck = 0940;
				ORGANIZATIONNAME = BeverlyAb;
				TargetAttributes = {
					B089025D21F992E4006B3368 = {
						CreatedOnToolsVersion = 9.4;
					};
					B089027121F992E5006B3368 = {
						CreatedOnToolsVersion = 9.4;
						TestTargetID = B089025D21F992E4006B3368;
					};
					B089027C21F992E5006B3368 = {
						CreatedOnToolsVersion = 9.4;
						TestTargetID = B089025D21F992E4006B3368;
					};
				};
			};
			buildConfigurationList = B089025921F992E4006B3368 /* Build configuration list for PBXProject "Tumblr" */;
			compatibilityVersion = "Xcode 9.3";
			developmentRegion = en;
			hasScannedForEncodings = 0;
			knownRegions = (
				en,
				Base,
			);
			mainGroup = B089025521F992E4006B3368;
			productRefGroup = B089025F21F992E4006B3368 /* Products */;
			projectDirPath = "";
			projectRoot = "";
			targets = (
				B089025D21F992E4006B3368 /* Tumblr */,
				B089027121F992E5006B3368 /* TumblrTests */,
				B089027C21F992E5006B3368 /* TumblrUITests */,
			);
		};
/* End PBXProject section */

/* Begin PBXResourcesBuildPhase section */
		B089025C21F992E4006B3368 /* Resources */ = {
			isa = PBXResourcesBuildPhase;
			buildActionMask = 2147483647;
			files = (
				B089026C21F992E5006B3368 /* LaunchScreen.storyboard in Resources */,
				B089026921F992E5006B3368 /* Assets.xcassets in Resources */,
				B089026721F992E4006B3368 /* Main.storyboard in Resources */,
			);
			runOnlyForDeploymentPostprocessing = 0;
		};
		B089027021F992E5006B3368 /* Resources */ = {
			isa = PBXResourcesBuildPhase;
			buildActionMask = 2147483647;
			files = (
			);
			runOnlyForDeploymentPostprocessing = 0;
		};
		B089027B21F992E5006B3368 /* Resources */ = {
			isa = PBXResourcesBuildPhase;
			buildActionMask = 2147483647;
			files = (
			);
			runOnlyForDeploymentPostprocessing = 0;
		};
/* End PBXResourcesBuildPhase section */

/* Begin PBXShellScriptBuildPhase section */
		50A89E9D5321B0EAF42D78AE /* [CP] Embed Pods Frameworks */ = {
			isa = PBXShellScriptBuildPhase;
			buildActionMask = 2147483647;
			files = (
			);
			inputPaths = (
				"${SRCROOT}/Pods/Target Support Files/Pods-Tumblr/Pods-Tumblr-frameworks.sh",
				"${BUILT_PRODUCTS_DIR}/Alamofire/Alamofire.framework",
				"${BUILT_PRODUCTS_DIR}/AlamofireImage/AlamofireImage.framework",
			);
			name = "[CP] Embed Pods Frameworks";
			outputPaths = (
				"${TARGET_BUILD_DIR}/${FRAMEWORKS_FOLDER_PATH}/Alamofire.framework",
				"${TARGET_BUILD_DIR}/${FRAMEWORKS_FOLDER_PATH}/AlamofireImage.framework",
			);
			runOnlyForDeploymentPostprocessing = 0;
			shellPath = /bin/sh;
			shellScript = "\"${SRCROOT}/Pods/Target Support Files/Pods-Tumblr/Pods-Tumblr-frameworks.sh\"\n";
			showEnvVarsInLog = 0;
		};
		5C91E76C8E87B060E06BDDEF /* [CP] Check Pods Manifest.lock */ = {
			isa = PBXShellScriptBuildPhase;
			buildActionMask = 2147483647;
			files = (
			);
			inputPaths = (
				"${PODS_PODFILE_DIR_PATH}/Podfile.lock",
				"${PODS_ROOT}/Manifest.lock",
			);
			name = "[CP] Check Pods Manifest.lock";
			outputPaths = (
				"$(DERIVED_FILE_DIR)/Pods-TumblrTests-checkManifestLockResult.txt",
			);
			runOnlyForDeploymentPostprocessing = 0;
			shellPath = /bin/sh;
			shellScript = "diff \"${PODS_PODFILE_DIR_PATH}/Podfile.lock\" \"${PODS_ROOT}/Manifest.lock\" > /dev/null\nif [ $? != 0 ] ; then\n    # print error to STDERR\n    echo \"error: The sandbox is not in sync with the Podfile.lock. Run 'pod install' or update your CocoaPods installation.\" >&2\n    exit 1\nfi\n# This output is used by Xcode 'outputs' to avoid re-running this script phase.\necho \"SUCCESS\" > \"${SCRIPT_OUTPUT_FILE_0}\"\n";
			showEnvVarsInLog = 0;
		};
		C65BE80735C13BBB8944C0AD /* [CP] Check Pods Manifest.lock */ = {
			isa = PBXShellScriptBuildPhase;
			buildActionMask = 2147483647;
			files = (
			);
			inputPaths = (
				"${PODS_PODFILE_DIR_PATH}/Podfile.lock",
				"${PODS_ROOT}/Manifest.lock",
			);
			name = "[CP] Check Pods Manifest.lock";
			outputPaths = (
				"$(DERIVED_FILE_DIR)/Pods-TumblrUITests-checkManifestLockResult.txt",
			);
			runOnlyForDeploymentPostprocessing = 0;
			shellPath = /bin/sh;
			shellScript = "diff \"${PODS_PODFILE_DIR_PATH}/Podfile.lock\" \"${PODS_ROOT}/Manifest.lock\" > /dev/null\nif [ $? != 0 ] ; then\n    # print error to STDERR\n    echo \"error: The sandbox is not in sync with the Podfile.lock. Run 'pod install' or update your CocoaPods installation.\" >&2\n    exit 1\nfi\n# This output is used by Xcode 'outputs' to avoid re-running this script phase.\necho \"SUCCESS\" > \"${SCRIPT_OUTPUT_FILE_0}\"\n";
			showEnvVarsInLog = 0;
		};
		D8484DD051B4F4FFACD3EA0A /* [CP] Check Pods Manifest.lock */ = {
			isa = PBXShellScriptBuildPhase;
			buildActionMask = 2147483647;
			files = (
			);
			inputPaths = (
				"${PODS_PODFILE_DIR_PATH}/Podfile.lock",
				"${PODS_ROOT}/Manifest.lock",
			);
			name = "[CP] Check Pods Manifest.lock";
			outputPaths = (
				"$(DERIVED_FILE_DIR)/Pods-Tumblr-checkManifestLockResult.txt",
			);
			runOnlyForDeploymentPostprocessing = 0;
			shellPath = /bin/sh;
			shellScript = "diff \"${PODS_PODFILE_DIR_PATH}/Podfile.lock\" \"${PODS_ROOT}/Manifest.lock\" > /dev/null\nif [ $? != 0 ] ; then\n    # print error to STDERR\n    echo \"error: The sandbox is not in sync with the Podfile.lock. Run 'pod install' or update your CocoaPods installation.\" >&2\n    exit 1\nfi\n# This output is used by Xcode 'outputs' to avoid re-running this script phase.\necho \"SUCCESS\" > \"${SCRIPT_OUTPUT_FILE_0}\"\n";
			showEnvVarsInLog = 0;
		};
/* End PBXShellScriptBuildPhase section */

/* Begin PBXSourcesBuildPhase section */
		B089025A21F992E4006B3368 /* Sources */ = {
			isa = PBXSourcesBuildPhase;
			buildActionMask = 2147483647;
			files = (
				B089026221F992E4006B3368 /* AppDelegate.swift in Sources */,
				B07D5B0221F995AB00B3077D /* PhotoCell.swift in Sources */,
				B07D5B0021F9938600B3077D /* PhotosViewController.swift in Sources */,
				B07D5B0421F9962800B3077D /* DetailViewController.swift in Sources */,
			);
			runOnlyForDeploymentPostprocessing = 0;
		};
		B089026E21F992E5006B3368 /* Sources */ = {
			isa = PBXSourcesBuildPhase;
			buildActionMask = 2147483647;
			files = (
				B089027721F992E5006B3368 /* TumblrTests.swift in Sources */,
			);
			runOnlyForDeploymentPostprocessing = 0;
		};
		B089027921F992E5006B3368 /* Sources */ = {
			isa = PBXSourcesBuildPhase;
			buildActionMask = 2147483647;
			files = (
				B089028221F992E5006B3368 /* TumblrUITests.swift in Sources */,
			);
			runOnlyForDeploymentPostprocessing = 0;
		};
/* End PBXSourcesBuildPhase section */

/* Begin PBXTargetDependency section */
		B089027421F992E5006B3368 /* PBXTargetDependency */ = {
			isa = PBXTargetDependency;
			target = B089025D21F992E4006B3368 /* Tumblr */;
			targetProxy = B089027321F992E5006B3368 /* PBXContainerItemProxy */;
		};
		B089027F21F992E5006B3368 /* PBXTargetDependency */ = {
			isa = PBXTargetDependency;
			target = B089025D21F992E4006B3368 /* Tumblr */;
			targetProxy = B089027E21F992E5006B3368 /* PBXContainerItemProxy */;
		};
/* End PBXTargetDependency section */

/* Begin PBXVariantGroup section */
		B089026521F992E4006B3368 /* Main.storyboard */ = {
			isa = PBXVariantGroup;
			children = (
				B089026621F992E4006B3368 /* Base */,
			);
			name = Main.storyboard;
			sourceTree = "<group>";
		};
		B089026A21F992E5006B3368 /* LaunchScreen.storyboard */ = {
			isa = PBXVariantGroup;
			children = (
				B089026B21F992E5006B3368 /* Base */,
			);
			name = LaunchScreen.storyboard;
			sourceTree = "<group>";
		};
/* End PBXVariantGroup section */

/* Begin XCBuildConfiguration section */
		B089028421F992E5006B3368 /* Debug */ = {
			isa = XCBuildConfiguration;
			buildSettings = {
				ALWAYS_SEARCH_USER_PATHS = NO;
				CLANG_ANALYZER_NONNULL = YES;
				CLANG_ANALYZER_NUMBER_OBJECT_CONVERSION = YES_AGGRESSIVE;
				CLANG_CXX_LANGUAGE_STANDARD = "gnu++14";
				CLANG_CXX_LIBRARY = "libc++";
				CLANG_ENABLE_MODULES = YES;
				CLANG_ENABLE_OBJC_ARC = YES;
				CLANG_ENABLE_OBJC_WEAK = YES;
				CLANG_WARN_BLOCK_CAPTURE_AUTORELEASING = YES;
				CLANG_WARN_BOOL_CONVERSION = YES;
				CLANG_WARN_COMMA = YES;
				CLANG_WARN_CONSTANT_CONVERSION = YES;
				CLANG_WARN_DEPRECATED_OBJC_IMPLEMENTATIONS = YES;
				CLANG_WARN_DIRECT_OBJC_ISA_USAGE = YES_ERROR;
				CLANG_WARN_DOCUMENTATION_COMMENTS = YES;
				CLANG_WARN_EMPTY_BODY = YES;
				CLANG_WARN_ENUM_CONVERSION = YES;
				CLANG_WARN_INFINITE_RECURSION = YES;
				CLANG_WARN_INT_CONVERSION = YES;
				CLANG_WARN_NON_LITERAL_NULL_CONVERSION = YES;
				CLANG_WARN_OBJC_IMPLICIT_RETAIN_SELF = YES;
				CLANG_WARN_OBJC_LITERAL_CONVERSION = YES;
				CLANG_WARN_OBJC_ROOT_CLASS = YES_ERROR;
				CLANG_WARN_RANGE_LOOP_ANALYSIS = YES;
				CLANG_WARN_STRICT_PROTOTYPES = YES;
				CLANG_WARN_SUSPICIOUS_MOVE = YES;
				CLANG_WARN_UNGUARDED_AVAILABILITY = YES_AGGRESSIVE;
				CLANG_WARN_UNREACHABLE_CODE = YES;
				CLANG_WARN__DUPLICATE_METHOD_MATCH = YES;
				CODE_SIGN_IDENTITY = "iPhone Developer";
				COPY_PHASE_STRIP = NO;
				DEBUG_INFORMATION_FORMAT = dwarf;
				ENABLE_STRICT_OBJC_MSGSEND = YES;
				ENABLE_TESTABILITY = YES;
				GCC_C_LANGUAGE_STANDARD = gnu11;
				GCC_DYNAMIC_NO_PIC = NO;
				GCC_NO_COMMON_BLOCKS = YES;
				GCC_OPTIMIZATION_LEVEL = 0;
				GCC_PREPROCESSOR_DEFINITIONS = (
					"DEBUG=1",
					"$(inherited)",
				);
				GCC_WARN_64_TO_32_BIT_CONVERSION = YES;
				GCC_WARN_ABOUT_RETURN_TYPE = YES_ERROR;
				GCC_WARN_UNDECLARED_SELECTOR = YES;
				GCC_WARN_UNINITIALIZED_AUTOS = YES_AGGRESSIVE;
				GCC_WARN_UNUSED_FUNCTION = YES;
				GCC_WARN_UNUSED_VARIABLE = YES;
				IPHONEOS_DEPLOYMENT_TARGET = 11.4;
				MTL_ENABLE_DEBUG_INFO = YES;
				ONLY_ACTIVE_ARCH = YES;
				SDKROOT = iphoneos;
				SWIFT_ACTIVE_COMPILATION_CONDITIONS = DEBUG;
				SWIFT_OPTIMIZATION_LEVEL = "-Onone";
			};
			name = Debug;
		};
		B089028521F992E5006B3368 /* Release */ = {
			isa = XCBuildConfiguration;
			buildSettings = {
				ALWAYS_SEARCH_USER_PATHS = NO;
				CLANG_ANALYZER_NONNULL = YES;
				CLANG_ANALYZER_NUMBER_OBJECT_CONVERSION = YES_AGGRESSIVE;
				CLANG_CXX_LANGUAGE_STANDARD = "gnu++14";
				CLANG_CXX_LIBRARY = "libc++";
				CLANG_ENABLE_MODULES = YES;
				CLANG_ENABLE_OBJC_ARC = YES;
				CLANG_ENABLE_OBJC_WEAK = YES;
				CLANG_WARN_BLOCK_CAPTURE_AUTORELEASING = YES;
				CLANG_WARN_BOOL_CONVERSION = YES;
				CLANG_WARN_COMMA = YES;
				CLANG_WARN_CONSTANT_CONVERSION = YES;
				CLANG_WARN_DEPRECATED_OBJC_IMPLEMENTATIONS = YES;
				CLANG_WARN_DIRECT_OBJC_ISA_USAGE = YES_ERROR;
				CLANG_WARN_DOCUMENTATION_COMMENTS = YES;
				CLANG_WARN_EMPTY_BODY = YES;
				CLANG_WARN_ENUM_CONVERSION = YES;
				CLANG_WARN_INFINITE_RECURSION = YES;
				CLANG_WARN_INT_CONVERSION = YES;
				CLANG_WARN_NON_LITERAL_NULL_CONVERSION = YES;
				CLANG_WARN_OBJC_IMPLICIT_RETAIN_SELF = YES;
				CLANG_WARN_OBJC_LITERAL_CONVERSION = YES;
				CLANG_WARN_OBJC_ROOT_CLASS = YES_ERROR;
				CLANG_WARN_RANGE_LOOP_ANALYSIS = YES;
				CLANG_WARN_STRICT_PROTOTYPES = YES;
				CLANG_WARN_SUSPICIOUS_MOVE = YES;
				CLANG_WARN_UNGUARDED_AVAILABILITY = YES_AGGRESSIVE;
				CLANG_WARN_UNREACHABLE_CODE = YES;
				CLANG_WARN__DUPLICATE_METHOD_MATCH = YES;
				CODE_SIGN_IDENTITY = "iPhone Developer";
				COPY_PHASE_STRIP = NO;
				DEBUG_INFORMATION_FORMAT = "dwarf-with-dsym";
				ENABLE_NS_ASSERTIONS = NO;
				ENABLE_STRICT_OBJC_MSGSEND = YES;
				GCC_C_LANGUAGE_STANDARD = gnu11;
				GCC_NO_COMMON_BLOCKS = YES;
				GCC_WARN_64_TO_32_BIT_CONVERSION = YES;
				GCC_WARN_ABOUT_RETURN_TYPE = YES_ERROR;
				GCC_WARN_UNDECLARED_SELECTOR = YES;
				GCC_WARN_UNINITIALIZED_AUTOS = YES_AGGRESSIVE;
				GCC_WARN_UNUSED_FUNCTION = YES;
				GCC_WARN_UNUSED_VARIABLE = YES;
				IPHONEOS_DEPLOYMENT_TARGET = 11.4;
				MTL_ENABLE_DEBUG_INFO = NO;
				SDKROOT = iphoneos;
				SWIFT_COMPILATION_MODE = wholemodule;
				SWIFT_OPTIMIZATION_LEVEL = "-O";
				VALIDATE_PRODUCT = YES;
			};
			name = Release;
		};
		B089028721F992E5006B3368 /* Debug */ = {
			isa = XCBuildConfiguration;
			baseConfigurationReference = EC301C44BB7FA690FF6912E3 /* Pods-Tumblr.debug.xcconfig */;
			buildSettings = {
				ASSETCATALOG_COMPILER_APPICON_NAME = AppIcon;
				CODE_SIGN_STYLE = Automatic;
				INFOPLIST_FILE = Tumblr/Info.plist;
				LD_RUNPATH_SEARCH_PATHS = (
					"$(inherited)",
					"@executable_path/Frameworks",
				);
				PRODUCT_BUNDLE_IDENTIFIER = "TR-rev1.Tumblr";
				PRODUCT_NAME = "$(TARGET_NAME)";
				SWIFT_VERSION = 4.0;
				TARGETED_DEVICE_FAMILY = "1,2";
			};
			name = Debug;
		};
		B089028821F992E5006B3368 /* Release */ = {
			isa = XCBuildConfiguration;
			baseConfigurationReference = C95A3C741B3582B5B78CB51D /* Pods-Tumblr.release.xcconfig */;
			buildSettings = {
				ASSETCATALOG_COMPILER_APPICON_NAME = AppIcon;
				CODE_SIGN_STYLE = Automatic;
				INFOPLIST_FILE = Tumblr/Info.plist;
				LD_RUNPATH_SEARCH_PATHS = (
					"$(inherited)",
					"@executable_path/Frameworks",
				);
				PRODUCT_BUNDLE_IDENTIFIER = "TR-rev1.Tumblr";
				PRODUCT_NAME = "$(TARGET_NAME)";
				SWIFT_VERSION = 4.0;
				TARGETED_DEVICE_FAMILY = "1,2";
			};
			name = Release;
		};
		B089028A21F992E5006B3368 /* Debug */ = {
			isa = XCBuildConfiguration;
			baseConfigurationReference = C61848070E82C1CB13C66530 /* Pods-TumblrTests.debug.xcconfig */;
			buildSettings = {
				ALWAYS_EMBED_SWIFT_STANDARD_LIBRARIES = YES;
				BUNDLE_LOADER = "$(TEST_HOST)";
				CODE_SIGN_STYLE = Automatic;
				INFOPLIST_FILE = TumblrTests/Info.plist;
				LD_RUNPATH_SEARCH_PATHS = (
					"$(inherited)",
					"@executable_path/Frameworks",
					"@loader_path/Frameworks",
				);
				PRODUCT_BUNDLE_IDENTIFIER = "TR-rev1.TumblrTests";
				PRODUCT_NAME = "$(TARGET_NAME)";
				SWIFT_VERSION = 4.0;
				TARGETED_DEVICE_FAMILY = "1,2";
				TEST_HOST = "$(BUILT_PRODUCTS_DIR)/Tumblr.app/Tumblr";
			};
			name = Debug;
		};
		B089028B21F992E5006B3368 /* Release */ = {
			isa = XCBuildConfiguration;
			baseConfigurationReference = 0EE86F2BB30C6436363455E4 /* Pods-TumblrTests.release.xcconfig */;
			buildSettings = {
				ALWAYS_EMBED_SWIFT_STANDARD_LIBRARIES = YES;
				BUNDLE_LOADER = "$(TEST_HOST)";
				CODE_SIGN_STYLE = Automatic;
				INFOPLIST_FILE = TumblrTests/Info.plist;
				LD_RUNPATH_SEARCH_PATHS = (
					"$(inherited)",
					"@executable_path/Frameworks",
					"@loader_path/Frameworks",
				);
				PRODUCT_BUNDLE_IDENTIFIER = "TR-rev1.TumblrTests";
				PRODUCT_NAME = "$(TARGET_NAME)";
				SWIFT_VERSION = 4.0;
				TARGETED_DEVICE_FAMILY = "1,2";
				TEST_HOST = "$(BUILT_PRODUCTS_DIR)/Tumblr.app/Tumblr";
			};
			name = Release;
		};
		B089028D21F992E5006B3368 /* Debug */ = {
			isa = XCBuildConfiguration;
			baseConfigurationReference = 790045BD96695F0B87335412 /* Pods-TumblrUITests.debug.xcconfig */;
			buildSettings = {
				ALWAYS_EMBED_SWIFT_STANDARD_LIBRARIES = YES;
				CODE_SIGN_STYLE = Automatic;
				INFOPLIST_FILE = TumblrUITests/Info.plist;
				LD_RUNPATH_SEARCH_PATHS = (
					"$(inherited)",
					"@executable_path/Frameworks",
					"@loader_path/Frameworks",
				);
				PRODUCT_BUNDLE_IDENTIFIER = "TR-rev1.TumblrUITests";
				PRODUCT_NAME = "$(TARGET_NAME)";
				SWIFT_VERSION = 4.0;
				TARGETED_DEVICE_FAMILY = "1,2";
				TEST_TARGET_NAME = Tumblr;
			};
			name = Debug;
		};
		B089028E21F992E5006B3368 /* Release */ = {
			isa = XCBuildConfiguration;
			baseConfigurationReference = B4BAE1F1C62C96B76C9E780F /* Pods-TumblrUITests.release.xcconfig */;
			buildSettings = {
				ALWAYS_EMBED_SWIFT_STANDARD_LIBRARIES = YES;
				CODE_SIGN_STYLE = Automatic;
				INFOPLIST_FILE = TumblrUITests/Info.plist;
				LD_RUNPATH_SEARCH_PATHS = (
					"$(inherited)",
					"@executable_path/Frameworks",
					"@loader_path/Frameworks",
				);
				PRODUCT_BUNDLE_IDENTIFIER = "TR-rev1.TumblrUITests";
				PRODUCT_NAME = "$(TARGET_NAME)";
				SWIFT_VERSION = 4.0;
				TARGETED_DEVICE_FAMILY = "1,2";
				TEST_TARGET_NAME = Tumblr;
			};
			name = Release;
		};
/* End XCBuildConfiguration section */

/* Begin XCConfigurationList section */
		B089025921F992E4006B3368 /* Build configuration list for PBXProject "Tumblr" */ = {
			isa = XCConfigurationList;
			buildConfigurations = (
				B089028421F992E5006B3368 /* Debug */,
				B089028521F992E5006B3368 /* Release */,
			);
			defaultConfigurationIsVisible = 0;
			defaultConfigurationName = Release;
		};
		B089028621F992E5006B3368 /* Build configuration list for PBXNativeTarget "Tumblr" */ = {
			isa = XCConfigurationList;
			buildConfigurations = (
				B089028721F992E5006B3368 /* Debug */,
				B089028821F992E5006B3368 /* Release */,
			);
			defaultConfigurationIsVisible = 0;
			defaultConfigurationName = Release;
		};
		B089028921F992E5006B3368 /* Build configuration list for PBXNativeTarget "TumblrTests" */ = {
			isa = XCConfigurationList;
			buildConfigurations = (
				B089028A21F992E5006B3368 /* Debug */,
				B089028B21F992E5006B3368 /* Release */,
			);
			defaultConfigurationIsVisible = 0;
			defaultConfigurationName = Release;
		};
		B089028C21F992E5006B3368 /* Build configuration list for PBXNativeTarget "TumblrUITests" */ = {
			isa = XCConfigurationList;
			buildConfigurations = (
				B089028D21F992E5006B3368 /* Debug */,
				B089028E21F992E5006B3368 /* Release */,
			);
			defaultConfigurationIsVisible = 0;
			defaultConfigurationName = Release;
		};
/* End XCConfigurationList section */
	};
	rootObject = B089025621F992E4006B3368 /* Project object */;
}
